// !$*UTF8*$!
{
	archiveVersion = 1;
	classes = {
	};
	objectVersion = 56;
	objects = {

/* Begin PBXBuildFile section */
		270231032CDF2C6500D8E971 /* Category.swift in Sources */ = {isa = PBXBuildFile; fileRef = 270231022CDF2C6500D8E971 /* Category.swift */; };
		270231062CDF326800D8E971 /* LibraryViewController.swift in Sources */ = {isa = PBXBuildFile; fileRef = 270231052CDF326800D8E971 /* LibraryViewController.swift */; };
		270231082CDF33F600D8E971 /* TabBarController.swift in Sources */ = {isa = PBXBuildFile; fileRef = 270231072CDF33F600D8E971 /* TabBarController.swift */; };
		2702310A2CDF39FA00D8E971 /* RentViewController.swift in Sources */ = {isa = PBXBuildFile; fileRef = 270231092CDF39FA00D8E971 /* RentViewController.swift */; };
		2702310C2CDF3A0500D8E971 /* ExploreViewController.swift in Sources */ = {isa = PBXBuildFile; fileRef = 2702310B2CDF3A0500D8E971 /* ExploreViewController.swift */; };
		27817B812CCF8DC2003D3905 /* AppDelegate.swift in Sources */ = {isa = PBXBuildFile; fileRef = 27817B802CCF8DC2003D3905 /* AppDelegate.swift */; };
		27817B832CCF8DC2003D3905 /* SceneDelegate.swift in Sources */ = {isa = PBXBuildFile; fileRef = 27817B822CCF8DC2003D3905 /* SceneDelegate.swift */; };
		27817B852CCF8DC2003D3905 /* ViewController.swift in Sources */ = {isa = PBXBuildFile; fileRef = 27817B842CCF8DC2003D3905 /* ViewController.swift */; };
		27817B8A2CCF8DC3003D3905 /* Assets.xcassets in Resources */ = {isa = PBXBuildFile; fileRef = 27817B892CCF8DC3003D3905 /* Assets.xcassets */; };
		27817B8D2CCF8DC3003D3905 /* Base in Resources */ = {isa = PBXBuildFile; fileRef = 27817B8C2CCF8DC3003D3905 /* Base */; };
		27817B962CCF8FA3003D3905 /* User.swift in Sources */ = {isa = PBXBuildFile; fileRef = 27817B952CCF8FA3003D3905 /* User.swift */; };
		27817B982CCF8FC3003D3905 /* Book.swift in Sources */ = {isa = PBXBuildFile; fileRef = 27817B972CCF8FC3003D3905 /* Book.swift */; };
		27817B9A2CCF8FDC003D3905 /* Library.swift in Sources */ = {isa = PBXBuildFile; fileRef = 27817B992CCF8FDC003D3905 /* Library.swift */; };
		27817B9C2CCF8FF1003D3905 /* Genre.swift in Sources */ = {isa = PBXBuildFile; fileRef = 27817B9B2CCF8FF1003D3905 /* Genre.swift */; };
		27817B9E2CCF901F003D3905 /* Author.swift in Sources */ = {isa = PBXBuildFile; fileRef = 27817B9D2CCF901F003D3905 /* Author.swift */; };
		27817BA02CCF9058003D3905 /* RentRequest.swift in Sources */ = {isa = PBXBuildFile; fileRef = 27817B9F2CCF9058003D3905 /* RentRequest.swift */; };
		27817BA22CCF907E003D3905 /* BookSupport.swift in Sources */ = {isa = PBXBuildFile; fileRef = 27817BA12CCF907E003D3905 /* BookSupport.swift */; };
		27FBBD122CDF29B9005C1C40 /* BookData.swift in Sources */ = {isa = PBXBuildFile; fileRef = 27FBBD112CDF29B9005C1C40 /* BookData.swift */; };
		27FBBD142CDF29CB005C1C40 /* CategoryData.swift in Sources */ = {isa = PBXBuildFile; fileRef = 27FBBD132CDF29CB005C1C40 /* CategoryData.swift */; };
		FF0BCDA62CDF3F43008D54F7 /* .gitignore in Resources */ = {isa = PBXBuildFile; fileRef = FF0BCDA52CDF3F43008D54F7 /* .gitignore */; };
/* End PBXBuildFile section */

/* Begin PBXFileReference section */
		270231022CDF2C6500D8E971 /* Category.swift */ = {isa = PBXFileReference; lastKnownFileType = sourcecode.swift; path = Category.swift; sourceTree = "<group>"; };
		270231052CDF326800D8E971 /* LibraryViewController.swift */ = {isa = PBXFileReference; lastKnownFileType = sourcecode.swift; path = LibraryViewController.swift; sourceTree = "<group>"; };
		270231072CDF33F600D8E971 /* TabBarController.swift */ = {isa = PBXFileReference; lastKnownFileType = sourcecode.swift; path = TabBarController.swift; sourceTree = "<group>"; };
		270231092CDF39FA00D8E971 /* RentViewController.swift */ = {isa = PBXFileReference; lastKnownFileType = sourcecode.swift; path = RentViewController.swift; sourceTree = "<group>"; };
		2702310B2CDF3A0500D8E971 /* ExploreViewController.swift */ = {isa = PBXFileReference; lastKnownFileType = sourcecode.swift; path = ExploreViewController.swift; sourceTree = "<group>"; };
		27817B7D2CCF8DC2003D3905 /* Eclipse.app */ = {isa = PBXFileReference; explicitFileType = wrapper.application; includeInIndex = 0; path = Eclipse.app; sourceTree = BUILT_PRODUCTS_DIR; };
		27817B802CCF8DC2003D3905 /* AppDelegate.swift */ = {isa = PBXFileReference; lastKnownFileType = sourcecode.swift; path = AppDelegate.swift; sourceTree = "<group>"; };
		27817B822CCF8DC2003D3905 /* SceneDelegate.swift */ = {isa = PBXFileReference; lastKnownFileType = sourcecode.swift; path = SceneDelegate.swift; sourceTree = "<group>"; };
		27817B842CCF8DC2003D3905 /* ViewController.swift */ = {isa = PBXFileReference; lastKnownFileType = sourcecode.swift; path = ViewController.swift; sourceTree = "<group>"; };
		27817B892CCF8DC3003D3905 /* Assets.xcassets */ = {isa = PBXFileReference; lastKnownFileType = folder.assetcatalog; path = Assets.xcassets; sourceTree = "<group>"; };
		27817B8C2CCF8DC3003D3905 /* Base */ = {isa = PBXFileReference; lastKnownFileType = file.storyboard; name = Base; path = Base.lproj/LaunchScreen.storyboard; sourceTree = "<group>"; };
		27817B8E2CCF8DC3003D3905 /* Info.plist */ = {isa = PBXFileReference; lastKnownFileType = text.plist.xml; path = Info.plist; sourceTree = "<group>"; };
		27817B952CCF8FA3003D3905 /* User.swift */ = {isa = PBXFileReference; lastKnownFileType = sourcecode.swift; path = User.swift; sourceTree = "<group>"; };
		27817B972CCF8FC3003D3905 /* Book.swift */ = {isa = PBXFileReference; lastKnownFileType = sourcecode.swift; path = Book.swift; sourceTree = "<group>"; };
		27817B992CCF8FDC003D3905 /* Library.swift */ = {isa = PBXFileReference; lastKnownFileType = sourcecode.swift; path = Library.swift; sourceTree = "<group>"; };
		27817B9B2CCF8FF1003D3905 /* Genre.swift */ = {isa = PBXFileReference; lastKnownFileType = sourcecode.swift; path = Genre.swift; sourceTree = "<group>"; };
		27817B9D2CCF901F003D3905 /* Author.swift */ = {isa = PBXFileReference; lastKnownFileType = sourcecode.swift; path = Author.swift; sourceTree = "<group>"; };
		27817B9F2CCF9058003D3905 /* RentRequest.swift */ = {isa = PBXFileReference; lastKnownFileType = sourcecode.swift; path = RentRequest.swift; sourceTree = "<group>"; };
		27817BA12CCF907E003D3905 /* BookSupport.swift */ = {isa = PBXFileReference; lastKnownFileType = sourcecode.swift; path = BookSupport.swift; sourceTree = "<group>"; };
		27FBBD112CDF29B9005C1C40 /* BookData.swift */ = {isa = PBXFileReference; lastKnownFileType = sourcecode.swift; path = BookData.swift; sourceTree = "<group>"; };
		27FBBD132CDF29CB005C1C40 /* CategoryData.swift */ = {isa = PBXFileReference; lastKnownFileType = sourcecode.swift; path = CategoryData.swift; sourceTree = "<group>"; };
		FF0BCDA52CDF3F43008D54F7 /* .gitignore */ = {isa = PBXFileReference; lastKnownFileType = text; path = .gitignore; sourceTree = SOURCE_ROOT; };
/* End PBXFileReference section */

/* Begin PBXFrameworksBuildPhase section */
		27817B7A2CCF8DC2003D3905 /* Frameworks */ = {
			isa = PBXFrameworksBuildPhase;
			buildActionMask = 2147483647;
			files = (
			);
			runOnlyForDeploymentPostprocessing = 0;
		};
/* End PBXFrameworksBuildPhase section */

/* Begin PBXGroup section */
		270231042CDF2D1D00D8E971 /* Views */ = {
			isa = PBXGroup;
			children = (
				270231052CDF326800D8E971 /* LibraryViewController.swift */,
				270231092CDF39FA00D8E971 /* RentViewController.swift */,
				2702310B2CDF3A0500D8E971 /* ExploreViewController.swift */,
			);
			path = Views;
			sourceTree = "<group>";
		};
		27817B742CCF8DC2003D3905 = {
			isa = PBXGroup;
			children = (
				27817B7F2CCF8DC2003D3905 /* Eclipse */,
				27817B7E2CCF8DC2003D3905 /* Products */,
			);
			sourceTree = "<group>";
		};
		27817B7E2CCF8DC2003D3905 /* Products */ = {
			isa = PBXGroup;
			children = (
				27817B7D2CCF8DC2003D3905 /* Eclipse.app */,
			);
			name = Products;
			sourceTree = "<group>";
		};
		27817B7F2CCF8DC2003D3905 /* Eclipse */ = {
			isa = PBXGroup;
			children = (
				270231042CDF2D1D00D8E971 /* Views */,
				27FBBD102CDF29AE005C1C40 /* MockData */,
				27817B942CCF8F96003D3905 /* Models */,
				27817B802CCF8DC2003D3905 /* AppDelegate.swift */,
				27817B822CCF8DC2003D3905 /* SceneDelegate.swift */,
				27817B842CCF8DC2003D3905 /* ViewController.swift */,
				270231072CDF33F600D8E971 /* TabBarController.swift */,
				27817B892CCF8DC3003D3905 /* Assets.xcassets */,
				27817B8B2CCF8DC3003D3905 /* LaunchScreen.storyboard */,
				27817B8E2CCF8DC3003D3905 /* Info.plist */,
				FF0BCDA52CDF3F43008D54F7 /* .gitignore */,
			);
			path = Eclipse;
			sourceTree = "<group>";
		};
		27817B942CCF8F96003D3905 /* Models */ = {
			isa = PBXGroup;
			children = (
				27817B952CCF8FA3003D3905 /* User.swift */,
				27817B972CCF8FC3003D3905 /* Book.swift */,
				27817B992CCF8FDC003D3905 /* Library.swift */,
				27817B9B2CCF8FF1003D3905 /* Genre.swift */,
				27817B9D2CCF901F003D3905 /* Author.swift */,
				27817B9F2CCF9058003D3905 /* RentRequest.swift */,
				27817BA12CCF907E003D3905 /* BookSupport.swift */,
				270231022CDF2C6500D8E971 /* Category.swift */,
			);
			path = Models;
			sourceTree = "<group>";
		};
		27FBBD102CDF29AE005C1C40 /* MockData */ = {
			isa = PBXGroup;
			children = (
				27FBBD112CDF29B9005C1C40 /* BookData.swift */,
				27FBBD132CDF29CB005C1C40 /* CategoryData.swift */,
			);
			path = MockData;
			sourceTree = "<group>";
		};
/* End PBXGroup section */

/* Begin PBXNativeTarget section */
		27817B7C2CCF8DC2003D3905 /* Eclipse */ = {
			isa = PBXNativeTarget;
			buildConfigurationList = 27817B912CCF8DC3003D3905 /* Build configuration list for PBXNativeTarget "Eclipse" */;
			buildPhases = (
				27817B792CCF8DC2003D3905 /* Sources */,
				27817B7A2CCF8DC2003D3905 /* Frameworks */,
				27817B7B2CCF8DC2003D3905 /* Resources */,
			);
			buildRules = (
			);
			dependencies = (
			);
			name = Eclipse;
			productName = Eclipse;
			productReference = 27817B7D2CCF8DC2003D3905 /* Eclipse.app */;
			productType = "com.apple.product-type.application";
		};
/* End PBXNativeTarget section */

/* Begin PBXProject section */
		27817B752CCF8DC2003D3905 /* Project object */ = {
			isa = PBXProject;
			attributes = {
				BuildIndependentTargetsInParallel = 1;
				LastSwiftUpdateCheck = 1540;
				LastUpgradeCheck = 1540;
				TargetAttributes = {
					27817B7C2CCF8DC2003D3905 = {
						CreatedOnToolsVersion = 15.4;
					};
				};
			};
			buildConfigurationList = 27817B782CCF8DC2003D3905 /* Build configuration list for PBXProject "Eclipse" */;
			compatibilityVersion = "Xcode 14.0";
			developmentRegion = en;
			hasScannedForEncodings = 0;
			knownRegions = (
				en,
				Base,
			);
			mainGroup = 27817B742CCF8DC2003D3905;
			productRefGroup = 27817B7E2CCF8DC2003D3905 /* Products */;
			projectDirPath = "";
			projectRoot = "";
			targets = (
				27817B7C2CCF8DC2003D3905 /* Eclipse */,
			);
		};
/* End PBXProject section */

/* Begin PBXResourcesBuildPhase section */
		27817B7B2CCF8DC2003D3905 /* Resources */ = {
			isa = PBXResourcesBuildPhase;
			buildActionMask = 2147483647;
			files = (
				27817B8A2CCF8DC3003D3905 /* Assets.xcassets in Resources */,
				FF0BCDA62CDF3F43008D54F7 /* .gitignore in Resources */,
				27817B8D2CCF8DC3003D3905 /* Base in Resources */,
			);
			runOnlyForDeploymentPostprocessing = 0;
		};
/* End PBXResourcesBuildPhase section */

/* Begin PBXSourcesBuildPhase section */
		27817B792CCF8DC2003D3905 /* Sources */ = {
			isa = PBXSourcesBuildPhase;
			buildActionMask = 2147483647;
			files = (
				27817B962CCF8FA3003D3905 /* User.swift in Sources */,
				27FBBD142CDF29CB005C1C40 /* CategoryData.swift in Sources */,
				27817BA02CCF9058003D3905 /* RentRequest.swift in Sources */,
				270231082CDF33F600D8E971 /* TabBarController.swift in Sources */,
				27FBBD122CDF29B9005C1C40 /* BookData.swift in Sources */,
				270231062CDF326800D8E971 /* LibraryViewController.swift in Sources */,
				27817BA22CCF907E003D3905 /* BookSupport.swift in Sources */,
				2702310C2CDF3A0500D8E971 /* ExploreViewController.swift in Sources */,
				27817B852CCF8DC2003D3905 /* ViewController.swift in Sources */,
				27817B9E2CCF901F003D3905 /* Author.swift in Sources */,
				27817B812CCF8DC2003D3905 /* AppDelegate.swift in Sources */,
				27817B982CCF8FC3003D3905 /* Book.swift in Sources */,
				2702310A2CDF39FA00D8E971 /* RentViewController.swift in Sources */,
				270231032CDF2C6500D8E971 /* Category.swift in Sources */,
				27817B832CCF8DC2003D3905 /* SceneDelegate.swift in Sources */,
				27817B9A2CCF8FDC003D3905 /* Library.swift in Sources */,
				27817B9C2CCF8FF1003D3905 /* Genre.swift in Sources */,
			);
			runOnlyForDeploymentPostprocessing = 0;
		};
/* End PBXSourcesBuildPhase section */

/* Begin PBXVariantGroup section */
		27817B8B2CCF8DC3003D3905 /* LaunchScreen.storyboard */ = {
			isa = PBXVariantGroup;
			children = (
				27817B8C2CCF8DC3003D3905 /* Base */,
			);
			name = LaunchScreen.storyboard;
			sourceTree = "<group>";
		};
/* End PBXVariantGroup section */

/* Begin XCBuildConfiguration section */
		27817B8F2CCF8DC3003D3905 /* Debug */ = {
			isa = XCBuildConfiguration;
			buildSettings = {
				ALWAYS_SEARCH_USER_PATHS = NO;
				ASSETCATALOG_COMPILER_GENERATE_SWIFT_ASSET_SYMBOL_EXTENSIONS = YES;
				CLANG_ANALYZER_NONNULL = YES;
				CLANG_ANALYZER_NUMBER_OBJECT_CONVERSION = YES_AGGRESSIVE;
				CLANG_CXX_LANGUAGE_STANDARD = "gnu++20";
				CLANG_ENABLE_MODULES = YES;
				CLANG_ENABLE_OBJC_ARC = YES;
				CLANG_ENABLE_OBJC_WEAK = YES;
				CLANG_WARN_BLOCK_CAPTURE_AUTORELEASING = YES;
				CLANG_WARN_BOOL_CONVERSION = YES;
				CLANG_WARN_COMMA = YES;
				CLANG_WARN_CONSTANT_CONVERSION = YES;
				CLANG_WARN_DEPRECATED_OBJC_IMPLEMENTATIONS = YES;
				CLANG_WARN_DIRECT_OBJC_ISA_USAGE = YES_ERROR;
				CLANG_WARN_DOCUMENTATION_COMMENTS = YES;
				CLANG_WARN_EMPTY_BODY = YES;
				CLANG_WARN_ENUM_CONVERSION = YES;
				CLANG_WARN_INFINITE_RECURSION = YES;
				CLANG_WARN_INT_CONVERSION = YES;
				CLANG_WARN_NON_LITERAL_NULL_CONVERSION = YES;
				CLANG_WARN_OBJC_IMPLICIT_RETAIN_SELF = YES;
				CLANG_WARN_OBJC_LITERAL_CONVERSION = YES;
				CLANG_WARN_OBJC_ROOT_CLASS = YES_ERROR;
				CLANG_WARN_QUOTED_INCLUDE_IN_FRAMEWORK_HEADER = YES;
				CLANG_WARN_RANGE_LOOP_ANALYSIS = YES;
				CLANG_WARN_STRICT_PROTOTYPES = YES;
				CLANG_WARN_SUSPICIOUS_MOVE = YES;
				CLANG_WARN_UNGUARDED_AVAILABILITY = YES_AGGRESSIVE;
				CLANG_WARN_UNREACHABLE_CODE = YES;
				CLANG_WARN__DUPLICATE_METHOD_MATCH = YES;
				COPY_PHASE_STRIP = NO;
				DEBUG_INFORMATION_FORMAT = dwarf;
				ENABLE_STRICT_OBJC_MSGSEND = YES;
				ENABLE_TESTABILITY = YES;
				ENABLE_USER_SCRIPT_SANDBOXING = YES;
				GCC_C_LANGUAGE_STANDARD = gnu17;
				GCC_DYNAMIC_NO_PIC = NO;
				GCC_NO_COMMON_BLOCKS = YES;
				GCC_OPTIMIZATION_LEVEL = 0;
				GCC_PREPROCESSOR_DEFINITIONS = (
					"DEBUG=1",
					"$(inherited)",
				);
				GCC_WARN_64_TO_32_BIT_CONVERSION = YES;
				GCC_WARN_ABOUT_RETURN_TYPE = YES_ERROR;
				GCC_WARN_UNDECLARED_SELECTOR = YES;
				GCC_WARN_UNINITIALIZED_AUTOS = YES_AGGRESSIVE;
				GCC_WARN_UNUSED_FUNCTION = YES;
				GCC_WARN_UNUSED_VARIABLE = YES;
				IPHONEOS_DEPLOYMENT_TARGET = 17.5;
				LOCALIZATION_PREFERS_STRING_CATALOGS = YES;
				MTL_ENABLE_DEBUG_INFO = INCLUDE_SOURCE;
				MTL_FAST_MATH = YES;
				ONLY_ACTIVE_ARCH = YES;
				SDKROOT = iphoneos;
				SWIFT_ACTIVE_COMPILATION_CONDITIONS = "DEBUG $(inherited)";
				SWIFT_OPTIMIZATION_LEVEL = "-Onone";
			};
			name = Debug;
		};
		27817B902CCF8DC3003D3905 /* Release */ = {
			isa = XCBuildConfiguration;
			buildSettings = {
				ALWAYS_SEARCH_USER_PATHS = NO;
				ASSETCATALOG_COMPILER_GENERATE_SWIFT_ASSET_SYMBOL_EXTENSIONS = YES;
				CLANG_ANALYZER_NONNULL = YES;
				CLANG_ANALYZER_NUMBER_OBJECT_CONVERSION = YES_AGGRESSIVE;
				CLANG_CXX_LANGUAGE_STANDARD = "gnu++20";
				CLANG_ENABLE_MODULES = YES;
				CLANG_ENABLE_OBJC_ARC = YES;
				CLANG_ENABLE_OBJC_WEAK = YES;
				CLANG_WARN_BLOCK_CAPTURE_AUTORELEASING = YES;
				CLANG_WARN_BOOL_CONVERSION = YES;
				CLANG_WARN_COMMA = YES;
				CLANG_WARN_CONSTANT_CONVERSION = YES;
				CLANG_WARN_DEPRECATED_OBJC_IMPLEMENTATIONS = YES;
				CLANG_WARN_DIRECT_OBJC_ISA_USAGE = YES_ERROR;
				CLANG_WARN_DOCUMENTATION_COMMENTS = YES;
				CLANG_WARN_EMPTY_BODY = YES;
				CLANG_WARN_ENUM_CONVERSION = YES;
				CLANG_WARN_INFINITE_RECURSION = YES;
				CLANG_WARN_INT_CONVERSION = YES;
				CLANG_WARN_NON_LITERAL_NULL_CONVERSION = YES;
				CLANG_WARN_OBJC_IMPLICIT_RETAIN_SELF = YES;
				CLANG_WARN_OBJC_LITERAL_CONVERSION = YES;
				CLANG_WARN_OBJC_ROOT_CLASS = YES_ERROR;
				CLANG_WARN_QUOTED_INCLUDE_IN_FRAMEWORK_HEADER = YES;
				CLANG_WARN_RANGE_LOOP_ANALYSIS = YES;
				CLANG_WARN_STRICT_PROTOTYPES = YES;
				CLANG_WARN_SUSPICIOUS_MOVE = YES;
				CLANG_WARN_UNGUARDED_AVAILABILITY = YES_AGGRESSIVE;
				CLANG_WARN_UNREACHABLE_CODE = YES;
				CLANG_WARN__DUPLICATE_METHOD_MATCH = YES;
				COPY_PHASE_STRIP = NO;
				DEBUG_INFORMATION_FORMAT = "dwarf-with-dsym";
				ENABLE_NS_ASSERTIONS = NO;
				ENABLE_STRICT_OBJC_MSGSEND = YES;
				ENABLE_USER_SCRIPT_SANDBOXING = YES;
				GCC_C_LANGUAGE_STANDARD = gnu17;
				GCC_NO_COMMON_BLOCKS = YES;
				GCC_WARN_64_TO_32_BIT_CONVERSION = YES;
				GCC_WARN_ABOUT_RETURN_TYPE = YES_ERROR;
				GCC_WARN_UNDECLARED_SELECTOR = YES;
				GCC_WARN_UNINITIALIZED_AUTOS = YES_AGGRESSIVE;
				GCC_WARN_UNUSED_FUNCTION = YES;
				GCC_WARN_UNUSED_VARIABLE = YES;
				IPHONEOS_DEPLOYMENT_TARGET = 17.5;
				LOCALIZATION_PREFERS_STRING_CATALOGS = YES;
				MTL_ENABLE_DEBUG_INFO = NO;
				MTL_FAST_MATH = YES;
				SDKROOT = iphoneos;
				SWIFT_COMPILATION_MODE = wholemodule;
				VALIDATE_PRODUCT = YES;
			};
			name = Release;
		};
		27817B922CCF8DC3003D3905 /* Debug */ = {
			isa = XCBuildConfiguration;
			buildSettings = {
				ASSETCATALOG_COMPILER_APPICON_NAME = AppIcon;
				ASSETCATALOG_COMPILER_GLOBAL_ACCENT_COLOR_NAME = AccentColor;
				CODE_SIGN_STYLE = Automatic;
				CURRENT_PROJECT_VERSION = 1;
				GENERATE_INFOPLIST_FILE = YES;
				INFOPLIST_FILE = Eclipse/Info.plist;
				INFOPLIST_KEY_UIApplicationSupportsIndirectInputEvents = YES;
				INFOPLIST_KEY_UILaunchStoryboardName = LaunchScreen;
				INFOPLIST_KEY_UISupportedInterfaceOrientations_iPad = "UIInterfaceOrientationPortrait UIInterfaceOrientationPortraitUpsideDown UIInterfaceOrientationLandscapeLeft UIInterfaceOrientationLandscapeRight";
				INFOPLIST_KEY_UISupportedInterfaceOrientations_iPhone = "UIInterfaceOrientationPortrait UIInterfaceOrientationLandscapeLeft UIInterfaceOrientationLandscapeRight";
				LD_RUNPATH_SEARCH_PATHS = (
					"$(inherited)",
					"@executable_path/Frameworks",
				);
				MARKETING_VERSION = 1.0;
				PRODUCT_BUNDLE_IDENTIFIER = com.example.Eclipse;
				PRODUCT_NAME = "$(TARGET_NAME)";
				SWIFT_EMIT_LOC_STRINGS = YES;
				SWIFT_VERSION = 5.0;
				TARGETED_DEVICE_FAMILY = "1,2";
			};
			name = Debug;
		};
		27817B932CCF8DC3003D3905 /* Release */ = {
			isa = XCBuildConfiguration;
			buildSettings = {
				ASSETCATALOG_COMPILER_APPICON_NAME = AppIcon;
				ASSETCATALOG_COMPILER_GLOBAL_ACCENT_COLOR_NAME = AccentColor;
				CODE_SIGN_STYLE = Automatic;
				CURRENT_PROJECT_VERSION = 1;
				GENERATE_INFOPLIST_FILE = YES;
				INFOPLIST_FILE = Eclipse/Info.plist;
				INFOPLIST_KEY_UIApplicationSupportsIndirectInputEvents = YES;
				INFOPLIST_KEY_UILaunchStoryboardName = LaunchScreen;
				INFOPLIST_KEY_UISupportedInterfaceOrientations_iPad = "UIInterfaceOrientationPortrait UIInterfaceOrientationPortraitUpsideDown UIInterfaceOrientationLandscapeLeft UIInterfaceOrientationLandscapeRight";
				INFOPLIST_KEY_UISupportedInterfaceOrientations_iPhone = "UIInterfaceOrientationPortrait UIInterfaceOrientationLandscapeLeft UIInterfaceOrientationLandscapeRight";
				LD_RUNPATH_SEARCH_PATHS = (
					"$(inherited)",
					"@executable_path/Frameworks",
				);
				MARKETING_VERSION = 1.0;
				PRODUCT_BUNDLE_IDENTIFIER = com.example.Eclipse;
				PRODUCT_NAME = "$(TARGET_NAME)";
				SWIFT_EMIT_LOC_STRINGS = YES;
				SWIFT_VERSION = 5.0;
				TARGETED_DEVICE_FAMILY = "1,2";
			};
			name = Release;
		};
/* End XCBuildConfiguration section */

/* Begin XCConfigurationList section */
		27817B782CCF8DC2003D3905 /* Build configuration list for PBXProject "Eclipse" */ = {
			isa = XCConfigurationList;
			buildConfigurations = (
				27817B8F2CCF8DC3003D3905 /* Debug */,
				27817B902CCF8DC3003D3905 /* Release */,
			);
			defaultConfigurationIsVisible = 0;
			defaultConfigurationName = Release;
		};
		27817B912CCF8DC3003D3905 /* Build configuration list for PBXNativeTarget "Eclipse" */ = {
			isa = XCConfigurationList;
			buildConfigurations = (
				27817B922CCF8DC3003D3905 /* Debug */,
				27817B932CCF8DC3003D3905 /* Release */,
			);
			defaultConfigurationIsVisible = 0;
			defaultConfigurationName = Release;
		};
/* End XCConfigurationList section */
	};
	rootObject = 27817B752CCF8DC2003D3905 /* Project object */;
}
