// !$*UTF8*$!
{
	archiveVersion = 1;
	classes = {
	};
	objectVersion = 56;
	objects = {

/* Begin PBXBuildFile section */
		27112FEB2CEB192E00F5510C /* AuthorPreferencesViewController.swift in Sources */ = {isa = PBXBuildFile; fileRef = 27112FEA2CEB192E00F5510C /* AuthorPreferencesViewController.swift */; };
		27112FED2CEB19FA00F5510C /* OnboardingViewController.swift in Sources */ = {isa = PBXBuildFile; fileRef = 27112FEC2CEB19FA00F5510C /* OnboardingViewController.swift */; };
		27112FEF2CEB1A2300F5510C /* CreateAccountViewController.swift in Sources */ = {isa = PBXBuildFile; fileRef = 27112FEE2CEB1A2300F5510C /* CreateAccountViewController.swift */; };
		27112FF12CEB1A5000F5510C /* LoginViewController.swift in Sources */ = {isa = PBXBuildFile; fileRef = 27112FF02CEB1A5000F5510C /* LoginViewController.swift */; };
		27112FF32CEB1A8000F5510C /* GenrePrefrencesViewController.swift in Sources */ = {isa = PBXBuildFile; fileRef = 27112FF22CEB1A8000F5510C /* GenrePrefrencesViewController.swift */; };
		27112FF52CEB1AAC00F5510C /* SplashViewController.swift in Sources */ = {isa = PBXBuildFile; fileRef = 27112FF42CEB1AAC00F5510C /* SplashViewController.swift */; };
		27112FF72CEB2B7200F5510C /* RentHomeViewController.swift in Sources */ = {isa = PBXBuildFile; fileRef = 27112FF62CEB2B7200F5510C /* RentHomeViewController.swift */; };
		27112FF92CEB2C1C00F5510C /* BookManagementViewController.swift in Sources */ = {isa = PBXBuildFile; fileRef = 27112FF82CEB2C1C00F5510C /* BookManagementViewController.swift */; };
		27112FFB2CEB2C3F00F5510C /* LentBooksViewController.swift in Sources */ = {isa = PBXBuildFile; fileRef = 27112FFA2CEB2C3F00F5510C /* LentBooksViewController.swift */; };
		27112FFD2CEB2C5500F5510C /* BorrowedBooksViewController.swift in Sources */ = {isa = PBXBuildFile; fileRef = 27112FFC2CEB2C5500F5510C /* BorrowedBooksViewController.swift */; };
		27112FFF2CEB2CC800F5510C /* BookCardTableViewCell.swift in Sources */ = {isa = PBXBuildFile; fileRef = 27112FFE2CEB2CC800F5510C /* BookCardTableViewCell.swift */; };
		271130012CEB2D4600F5510C /* BookCellCollectionViewCell.swift in Sources */ = {isa = PBXBuildFile; fileRef = 271130002CEB2D4600F5510C /* BookCellCollectionViewCell.swift */; };
		271130032CEB2D6700F5510C /* ChatViewController.swift in Sources */ = {isa = PBXBuildFile; fileRef = 271130022CEB2D6700F5510C /* ChatViewController.swift */; };
		271130052CEB2DAD00F5510C /* RentalRequestsProcessingViewController.swift in Sources */ = {isa = PBXBuildFile; fileRef = 271130042CEB2DAD00F5510C /* RentalRequestsProcessingViewController.swift */; };
		271130072CEB2DD300F5510C /* RentalRequestsAcceptedViewController.swift in Sources */ = {isa = PBXBuildFile; fileRef = 271130062CEB2DD300F5510C /* RentalRequestsAcceptedViewController.swift */; };
		271130092CEB2E1200F5510C /* RequestTableViewCell.swift in Sources */ = {isa = PBXBuildFile; fileRef = 271130082CEB2E1200F5510C /* RequestTableViewCell.swift */; };
		2711300B2CEB2F3900F5510C /* RequestProcessingTableViewCell.swift in Sources */ = {isa = PBXBuildFile; fileRef = 2711300A2CEB2F3900F5510C /* RequestProcessingTableViewCell.swift */; };
		2711300D2CEB2FBA00F5510C /* RentersProfileViewController.swift in Sources */ = {isa = PBXBuildFile; fileRef = 2711300C2CEB2FBA00F5510C /* RentersProfileViewController.swift */; };
		271130102CEB302800F5510C /* RatingPopupView.swift in Sources */ = {isa = PBXBuildFile; fileRef = 2711300F2CEB302800F5510C /* RatingPopupView.swift */; };
		271130122CEB305600F5510C /* MessageInputView.swift in Sources */ = {isa = PBXBuildFile; fileRef = 271130112CEB305600F5510C /* MessageInputView.swift */; };
		271130142CEB30B500F5510C /* MessageTableViewCell.swift in Sources */ = {isa = PBXBuildFile; fileRef = 271130132CEB30B500F5510C /* MessageTableViewCell.swift */; };
		271130162CEB315500F5510C /* RentBooksTableViewCell.swift in Sources */ = {isa = PBXBuildFile; fileRef = 271130152CEB315500F5510C /* RentBooksTableViewCell.swift */; };
		271130182CEB31A100F5510C /* RenterTableViewCell.swift in Sources */ = {isa = PBXBuildFile; fileRef = 271130172CEB31A100F5510C /* RenterTableViewCell.swift */; };
		2711301A2CEB31DB00F5510C /* Message.swift in Sources */ = {isa = PBXBuildFile; fileRef = 271130192CEB31DB00F5510C /* Message.swift */; };
		2711301C2CEB408800F5510C /* ProfileViewController.swift in Sources */ = {isa = PBXBuildFile; fileRef = 2711301B2CEB408800F5510C /* ProfileViewController.swift */; };
		2711301E2CEB409E00F5510C /* EditProfileViewController.swift in Sources */ = {isa = PBXBuildFile; fileRef = 2711301D2CEB409E00F5510C /* EditProfileViewController.swift */; };
		271130202CEB40B700F5510C /* BookSupportViewController.swift in Sources */ = {isa = PBXBuildFile; fileRef = 2711301F2CEB40B700F5510C /* BookSupportViewController.swift */; };
		271130222CEB40D800F5510C /* RaiseProblemViewController.swift in Sources */ = {isa = PBXBuildFile; fileRef = 271130212CEB40D800F5510C /* RaiseProblemViewController.swift */; };
		271130242CEB43F200F5510C /* SwipeViewController.swift in Sources */ = {isa = PBXBuildFile; fileRef = 271130232CEB43F200F5510C /* SwipeViewController.swift */; };
		271130262CEB478D00F5510C /* BookViewController.swift in Sources */ = {isa = PBXBuildFile; fileRef = 271130252CEB478D00F5510C /* BookViewController.swift */; };
		271130282CEC58E200F5510C /* CartViewController.swift in Sources */ = {isa = PBXBuildFile; fileRef = 271130272CEC58E200F5510C /* CartViewController.swift */; };
		2711302C2CEC5A6800F5510C /* PaymentViewController.swift in Sources */ = {isa = PBXBuildFile; fileRef = 2711302B2CEC5A6800F5510C /* PaymentViewController.swift */; };
		2711302E2CEC5A8100F5510C /* PaymentSuccessViewController.swift in Sources */ = {isa = PBXBuildFile; fileRef = 2711302D2CEC5A8100F5510C /* PaymentSuccessViewController.swift */; };
		271130302CEC5AD100F5510C /* FeedbackViewController.swift in Sources */ = {isa = PBXBuildFile; fileRef = 2711302F2CEC5AD100F5510C /* FeedbackViewController.swift */; };
		271130322CEC608100F5510C /* BookListViewController.swift in Sources */ = {isa = PBXBuildFile; fileRef = 271130312CEC608100F5510C /* BookListViewController.swift */; };
		271130342CEC871300F5510C /* Renter.swift in Sources */ = {isa = PBXBuildFile; fileRef = 271130332CEC871300F5510C /* Renter.swift */; };
		271130362CEC875900F5510C /* CuratedListsData.swift in Sources */ = {isa = PBXBuildFile; fileRef = 271130352CEC875900F5510C /* CuratedListsData.swift */; };
		271130382CEC87C300F5510C /* RenterData.swift in Sources */ = {isa = PBXBuildFile; fileRef = 271130372CEC87C300F5510C /* RenterData.swift */; };
		277CABF82D43F4AB00B744CA /* GoogleService-Info.plist in Resources */ = {isa = PBXBuildFile; fileRef = 277CABF72D43F4AB00B744CA /* GoogleService-Info.plist */; };
		277CABFB2D43F67000B744CA /* FirebaseAnalytics in Frameworks */ = {isa = PBXBuildFile; productRef = 277CABFA2D43F67000B744CA /* FirebaseAnalytics */; };
		277CABFD2D43F67000B744CA /* FirebaseAuth in Frameworks */ = {isa = PBXBuildFile; productRef = 277CABFC2D43F67000B744CA /* FirebaseAuth */; };
		277CABFF2D43F67000B744CA /* FirebaseCore in Frameworks */ = {isa = PBXBuildFile; productRef = 277CABFE2D43F67000B744CA /* FirebaseCore */; };
		277CAC012D43F67000B744CA /* FirebaseDatabase in Frameworks */ = {isa = PBXBuildFile; productRef = 277CAC002D43F67000B744CA /* FirebaseDatabase */; };
		277CAC032D43F67000B744CA /* FirebaseFirestore in Frameworks */ = {isa = PBXBuildFile; productRef = 277CAC022D43F67000B744CA /* FirebaseFirestore */; };
		277CAC052D43F67000B744CA /* FirebaseStorage in Frameworks */ = {isa = PBXBuildFile; productRef = 277CAC042D43F67000B744CA /* FirebaseStorage */; };
		27817B812CCF8DC2003D3905 /* AppDelegate.swift in Sources */ = {isa = PBXBuildFile; fileRef = 27817B802CCF8DC2003D3905 /* AppDelegate.swift */; };
		27817B832CCF8DC2003D3905 /* SceneDelegate.swift in Sources */ = {isa = PBXBuildFile; fileRef = 27817B822CCF8DC2003D3905 /* SceneDelegate.swift */; };
		27817B852CCF8DC2003D3905 /* ViewController.swift in Sources */ = {isa = PBXBuildFile; fileRef = 27817B842CCF8DC2003D3905 /* ViewController.swift */; };
		27817B882CCF8DC2003D3905 /* Base in Resources */ = {isa = PBXBuildFile; fileRef = 27817B872CCF8DC2003D3905 /* Base */; };
		27817B8D2CCF8DC3003D3905 /* Base in Resources */ = {isa = PBXBuildFile; fileRef = 27817B8C2CCF8DC3003D3905 /* Base */; };
		27817B962CCF8FA3003D3905 /* User.swift in Sources */ = {isa = PBXBuildFile; fileRef = 27817B952CCF8FA3003D3905 /* User.swift */; };
		27817B982CCF8FC3003D3905 /* Book.swift in Sources */ = {isa = PBXBuildFile; fileRef = 27817B972CCF8FC3003D3905 /* Book.swift */; };
		27817B9A2CCF8FDC003D3905 /* Library.swift in Sources */ = {isa = PBXBuildFile; fileRef = 27817B992CCF8FDC003D3905 /* Library.swift */; };
		27817B9E2CCF901F003D3905 /* Author.swift in Sources */ = {isa = PBXBuildFile; fileRef = 27817B9D2CCF901F003D3905 /* Author.swift */; };
		27817BA02CCF9058003D3905 /* RentRequest.swift in Sources */ = {isa = PBXBuildFile; fileRef = 27817B9F2CCF9058003D3905 /* RentRequest.swift */; };
		27817BA22CCF907E003D3905 /* BookSupport.swift in Sources */ = {isa = PBXBuildFile; fileRef = 27817BA12CCF907E003D3905 /* BookSupport.swift */; };
		27817BB02CD12E05003D3905 /* BookData.swift in Sources */ = {isa = PBXBuildFile; fileRef = 27817BAF2CD12E05003D3905 /* BookData.swift */; };
		27817BB82CD15463003D3905 /* LibraryViewController.swift in Sources */ = {isa = PBXBuildFile; fileRef = 27817BB72CD15463003D3905 /* LibraryViewController.swift */; };
		27817BBA2CD16E04003D3905 /* ReadingListViewController.swift in Sources */ = {isa = PBXBuildFile; fileRef = 27817BB92CD16E04003D3905 /* ReadingListViewController.swift */; };
		27817BBC2CD16E12003D3905 /* AllBooksViewController.swift in Sources */ = {isa = PBXBuildFile; fileRef = 27817BBB2CD16E12003D3905 /* AllBooksViewController.swift */; };
		27817BC12CD17474003D3905 /* CategoryCollectionViewCell.swift in Sources */ = {isa = PBXBuildFile; fileRef = 27817BC02CD17474003D3905 /* CategoryCollectionViewCell.swift */; };
		27817BC82CD17C07003D3905 /* Category.swift in Sources */ = {isa = PBXBuildFile; fileRef = 27817BC72CD17C07003D3905 /* Category.swift */; };
		27817BCB2CD181DF003D3905 /* Assets.xcassets in Resources */ = {isa = PBXBuildFile; fileRef = 27817BCA2CD181DF003D3905 /* Assets.xcassets */; };
		27817BCD2CD28569003D3905 /* BookCollectionViewCell.swift in Sources */ = {isa = PBXBuildFile; fileRef = 27817BCC2CD28569003D3905 /* BookCollectionViewCell.swift */; };
		27817BCF2CD54C2B003D3905 /* CustomHeaderView.swift in Sources */ = {isa = PBXBuildFile; fileRef = 27817BCE2CD54C2B003D3905 /* CustomHeaderView.swift */; };
		27817BD12CD54D0D003D3905 /* ReadingListTableViewCell.swift in Sources */ = {isa = PBXBuildFile; fileRef = 27817BD02CD54D0D003D3905 /* ReadingListTableViewCell.swift */; };
		27817BD92CD60F71003D3905 /* ListData.swift in Sources */ = {isa = PBXBuildFile; fileRef = 27817BD82CD60F71003D3905 /* ListData.swift */; };
		27817BDB2CD68A9C003D3905 /* StatusListViewController.swift in Sources */ = {isa = PBXBuildFile; fileRef = 27817BDA2CD68A9C003D3905 /* StatusListViewController.swift */; };
		278366752CE88561003036A9 /* RecommendedListTableViewCell.swift in Sources */ = {isa = PBXBuildFile; fileRef = 278366742CE88561003036A9 /* RecommendedListTableViewCell.swift */; };
		278366772CE88627003036A9 /* RecommendedBookCollectionViewCell.swift in Sources */ = {isa = PBXBuildFile; fileRef = 278366762CE88627003036A9 /* RecommendedBookCollectionViewCell.swift */; };
		278366792CE88786003036A9 /* RecommendedList.swift in Sources */ = {isa = PBXBuildFile; fileRef = 278366782CE88786003036A9 /* RecommendedList.swift */; };
		2783667B2CE8CF9C003036A9 /* AuthorProfileViewController.swift in Sources */ = {isa = PBXBuildFile; fileRef = 2783667A2CE8CF9C003036A9 /* AuthorProfileViewController.swift */; };
		2783667D2CE8F70F003036A9 /* AuthorReadingListViewController.swift in Sources */ = {isa = PBXBuildFile; fileRef = 2783667C2CE8F70F003036A9 /* AuthorReadingListViewController.swift */; };
		2783667F2CE8F71C003036A9 /* AuthorBooksViewController.swift in Sources */ = {isa = PBXBuildFile; fileRef = 2783667E2CE8F71C003036A9 /* AuthorBooksViewController.swift */; };
		278366812CE90639003036A9 /* AuthorBookTableViewCell.swift in Sources */ = {isa = PBXBuildFile; fileRef = 278366802CE90639003036A9 /* AuthorBookTableViewCell.swift */; };
		278366832CEAFCB7003036A9 /* GuidedListViewController.swift in Sources */ = {isa = PBXBuildFile; fileRef = 278366822CEAFCB7003036A9 /* GuidedListViewController.swift */; };
		278366852CEAFE0B003036A9 /* GuidedListTableViewCell.swift in Sources */ = {isa = PBXBuildFile; fileRef = 278366842CEAFE0B003036A9 /* GuidedListTableViewCell.swift */; };
		278366872CEAFED3003036A9 /* GuidedListCollectionViewCell.swift in Sources */ = {isa = PBXBuildFile; fileRef = 278366862CEAFED3003036A9 /* GuidedListCollectionViewCell.swift */; };
		278366892CEB003E003036A9 /* GuidedList.swift in Sources */ = {isa = PBXBuildFile; fileRef = 278366882CEB003E003036A9 /* GuidedList.swift */; };
		2783668B2CEB00D3003036A9 /* GuidedListData.swift in Sources */ = {isa = PBXBuildFile; fileRef = 2783668A2CEB00D3003036A9 /* GuidedListData.swift */; };
		27BC97A32CECE155004EC100 /* BookIDHelper.swift in Sources */ = {isa = PBXBuildFile; fileRef = 27BC97A22CECE155004EC100 /* BookIDHelper.swift */; };
		27BC97A52CECE347004EC100 /* RentersNearbyViewController.swift in Sources */ = {isa = PBXBuildFile; fileRef = 27BC97A42CECE347004EC100 /* RentersNearbyViewController.swift */; };
		27BC97A72CECEFAC004EC100 /* RequestData.swift in Sources */ = {isa = PBXBuildFile; fileRef = 27BC97A62CECEFAC004EC100 /* RequestData.swift */; };
		27BC97A92CED0F77004EC100 /* CustomerChatViewController.swift in Sources */ = {isa = PBXBuildFile; fileRef = 27BC97A82CED0F77004EC100 /* CustomerChatViewController.swift */; };
		27BC97AB2CED0FA2004EC100 /* CustomerMessageTableViewCell.swift in Sources */ = {isa = PBXBuildFile; fileRef = 27BC97AA2CED0FA2004EC100 /* CustomerMessageTableViewCell.swift */; };
		27BC97B02D2B95ED004EC100 /* BookAPI.swift in Sources */ = {isa = PBXBuildFile; fileRef = 27BC97AF2D2B95ED004EC100 /* BookAPI.swift */; };
		27C21B212CE71FDA0035C957 /* ExploreViewController.swift in Sources */ = {isa = PBXBuildFile; fileRef = 27C21B202CE71FDA0035C957 /* ExploreViewController.swift */; };
		27C21B232CE740010035C957 /* QuizViewController.swift in Sources */ = {isa = PBXBuildFile; fileRef = 27C21B222CE740010035C957 /* QuizViewController.swift */; };
		27C21B252CE74D770035C957 /* QuizOptionCollectionViewCell.swift in Sources */ = {isa = PBXBuildFile; fileRef = 27C21B242CE74D770035C957 /* QuizOptionCollectionViewCell.swift */; };
		27C21B272CE74DD80035C957 /* Quiz.swift in Sources */ = {isa = PBXBuildFile; fileRef = 27C21B262CE74DD80035C957 /* Quiz.swift */; };
		27C21B292CE74E030035C957 /* QuizData.swift in Sources */ = {isa = PBXBuildFile; fileRef = 27C21B282CE74E030035C957 /* QuizData.swift */; };
		27C21B2C2CE792710035C957 /* CustomColor.swift in Sources */ = {isa = PBXBuildFile; fileRef = 27C21B2B2CE792710035C957 /* CustomColor.swift */; };
		27C21B2E2CE797EB0035C957 /* ResultsViewController.swift in Sources */ = {isa = PBXBuildFile; fileRef = 27C21B2D2CE797EB0035C957 /* ResultsViewController.swift */; };
		27C21B322CE7B6D80035C957 /* ResultsCollectionViewCell.swift in Sources */ = {isa = PBXBuildFile; fileRef = 27C21B312CE7B6D80035C957 /* ResultsCollectionViewCell.swift */; };
		27C21B342CE869490035C957 /* CategoryData.swift in Sources */ = {isa = PBXBuildFile; fileRef = 27C21B332CE869490035C957 /* CategoryData.swift */; };
		27C21B362CE8741E0035C957 /* AuthorCollectionViewCell.swift in Sources */ = {isa = PBXBuildFile; fileRef = 27C21B352CE8741E0035C957 /* AuthorCollectionViewCell.swift */; };
		27C21B382CE875230035C957 /* AuthorData.swift in Sources */ = {isa = PBXBuildFile; fileRef = 27C21B372CE875230035C957 /* AuthorData.swift */; };
		27DAA0302CD68EC9002EC79A /* StatusBookTableViewCell.swift in Sources */ = {isa = PBXBuildFile; fileRef = 27DAA02F2CD68EC9002EC79A /* StatusBookTableViewCell.swift */; };
		27DAA0322CDA07DF002EC79A /* CreateCollectionViewController.swift in Sources */ = {isa = PBXBuildFile; fileRef = 27DAA0312CDA07DF002EC79A /* CreateCollectionViewController.swift */; };
		27DAA0342CDA1E56002EC79A /* CustomListViewController.swift in Sources */ = {isa = PBXBuildFile; fileRef = 27DAA0332CDA1E56002EC79A /* CustomListViewController.swift */; };
		27DAA0362CDA1F4D002EC79A /* CustomBookTableViewCell.swift in Sources */ = {isa = PBXBuildFile; fileRef = 27DAA0352CDA1F4D002EC79A /* CustomBookTableViewCell.swift */; };
		27DAA0382CDA2880002EC79A /* AddToLibraryViewController.swift in Sources */ = {isa = PBXBuildFile; fileRef = 27DAA0372CDA2880002EC79A /* AddToLibraryViewController.swift */; };
		27DAA03A2CDA2D48002EC79A /* AddToLibraryTableViewCell.swift in Sources */ = {isa = PBXBuildFile; fileRef = 27DAA0392CDA2D48002EC79A /* AddToLibraryTableViewCell.swift */; };
		27F9830A2CE319050055C114 /* .gitignore in Resources */ = {isa = PBXBuildFile; fileRef = 27F983092CE319050055C114 /* .gitignore */; };
		FFE122232D59BA7F008129D2 /* SearchViewController.swift in Sources */ = {isa = PBXBuildFile; fileRef = FFE122222D59BA7F008129D2 /* SearchViewController.swift */; };
/* End PBXBuildFile section */

/* Begin PBXFileReference section */
		27112FEA2CEB192E00F5510C /* AuthorPreferencesViewController.swift */ = {isa = PBXFileReference; lastKnownFileType = sourcecode.swift; path = AuthorPreferencesViewController.swift; sourceTree = "<group>"; };
		27112FEC2CEB19FA00F5510C /* OnboardingViewController.swift */ = {isa = PBXFileReference; lastKnownFileType = sourcecode.swift; path = OnboardingViewController.swift; sourceTree = "<group>"; };
		27112FEE2CEB1A2300F5510C /* CreateAccountViewController.swift */ = {isa = PBXFileReference; lastKnownFileType = sourcecode.swift; path = CreateAccountViewController.swift; sourceTree = "<group>"; };
		27112FF02CEB1A5000F5510C /* LoginViewController.swift */ = {isa = PBXFileReference; lastKnownFileType = sourcecode.swift; path = LoginViewController.swift; sourceTree = "<group>"; };
		27112FF22CEB1A8000F5510C /* GenrePrefrencesViewController.swift */ = {isa = PBXFileReference; lastKnownFileType = sourcecode.swift; path = GenrePrefrencesViewController.swift; sourceTree = "<group>"; };
		27112FF42CEB1AAC00F5510C /* SplashViewController.swift */ = {isa = PBXFileReference; lastKnownFileType = sourcecode.swift; path = SplashViewController.swift; sourceTree = "<group>"; };
		27112FF62CEB2B7200F5510C /* RentHomeViewController.swift */ = {isa = PBXFileReference; lastKnownFileType = sourcecode.swift; path = RentHomeViewController.swift; sourceTree = "<group>"; };
		27112FF82CEB2C1C00F5510C /* BookManagementViewController.swift */ = {isa = PBXFileReference; lastKnownFileType = sourcecode.swift; path = BookManagementViewController.swift; sourceTree = "<group>"; };
		27112FFA2CEB2C3F00F5510C /* LentBooksViewController.swift */ = {isa = PBXFileReference; lastKnownFileType = sourcecode.swift; path = LentBooksViewController.swift; sourceTree = "<group>"; };
		27112FFC2CEB2C5500F5510C /* BorrowedBooksViewController.swift */ = {isa = PBXFileReference; lastKnownFileType = sourcecode.swift; path = BorrowedBooksViewController.swift; sourceTree = "<group>"; };
		27112FFE2CEB2CC800F5510C /* BookCardTableViewCell.swift */ = {isa = PBXFileReference; lastKnownFileType = sourcecode.swift; path = BookCardTableViewCell.swift; sourceTree = "<group>"; };
		271130002CEB2D4600F5510C /* BookCellCollectionViewCell.swift */ = {isa = PBXFileReference; lastKnownFileType = sourcecode.swift; path = BookCellCollectionViewCell.swift; sourceTree = "<group>"; };
		271130022CEB2D6700F5510C /* ChatViewController.swift */ = {isa = PBXFileReference; lastKnownFileType = sourcecode.swift; path = ChatViewController.swift; sourceTree = "<group>"; };
		271130042CEB2DAD00F5510C /* RentalRequestsProcessingViewController.swift */ = {isa = PBXFileReference; lastKnownFileType = sourcecode.swift; path = RentalRequestsProcessingViewController.swift; sourceTree = "<group>"; };
		271130062CEB2DD300F5510C /* RentalRequestsAcceptedViewController.swift */ = {isa = PBXFileReference; lastKnownFileType = sourcecode.swift; path = RentalRequestsAcceptedViewController.swift; sourceTree = "<group>"; };
		271130082CEB2E1200F5510C /* RequestTableViewCell.swift */ = {isa = PBXFileReference; lastKnownFileType = sourcecode.swift; path = RequestTableViewCell.swift; sourceTree = "<group>"; };
		2711300A2CEB2F3900F5510C /* RequestProcessingTableViewCell.swift */ = {isa = PBXFileReference; lastKnownFileType = sourcecode.swift; path = RequestProcessingTableViewCell.swift; sourceTree = "<group>"; };
		2711300C2CEB2FBA00F5510C /* RentersProfileViewController.swift */ = {isa = PBXFileReference; lastKnownFileType = sourcecode.swift; path = RentersProfileViewController.swift; sourceTree = "<group>"; };
		2711300F2CEB302800F5510C /* RatingPopupView.swift */ = {isa = PBXFileReference; lastKnownFileType = sourcecode.swift; path = RatingPopupView.swift; sourceTree = "<group>"; };
		271130112CEB305600F5510C /* MessageInputView.swift */ = {isa = PBXFileReference; lastKnownFileType = sourcecode.swift; path = MessageInputView.swift; sourceTree = "<group>"; };
		271130132CEB30B500F5510C /* MessageTableViewCell.swift */ = {isa = PBXFileReference; lastKnownFileType = sourcecode.swift; path = MessageTableViewCell.swift; sourceTree = "<group>"; };
		271130152CEB315500F5510C /* RentBooksTableViewCell.swift */ = {isa = PBXFileReference; lastKnownFileType = sourcecode.swift; path = RentBooksTableViewCell.swift; sourceTree = "<group>"; };
		271130172CEB31A100F5510C /* RenterTableViewCell.swift */ = {isa = PBXFileReference; lastKnownFileType = sourcecode.swift; path = RenterTableViewCell.swift; sourceTree = "<group>"; };
		271130192CEB31DB00F5510C /* Message.swift */ = {isa = PBXFileReference; lastKnownFileType = sourcecode.swift; path = Message.swift; sourceTree = "<group>"; };
		2711301B2CEB408800F5510C /* ProfileViewController.swift */ = {isa = PBXFileReference; lastKnownFileType = sourcecode.swift; path = ProfileViewController.swift; sourceTree = "<group>"; };
		2711301D2CEB409E00F5510C /* EditProfileViewController.swift */ = {isa = PBXFileReference; lastKnownFileType = sourcecode.swift; path = EditProfileViewController.swift; sourceTree = "<group>"; };
		2711301F2CEB40B700F5510C /* BookSupportViewController.swift */ = {isa = PBXFileReference; lastKnownFileType = sourcecode.swift; path = BookSupportViewController.swift; sourceTree = "<group>"; };
		271130212CEB40D800F5510C /* RaiseProblemViewController.swift */ = {isa = PBXFileReference; lastKnownFileType = sourcecode.swift; path = RaiseProblemViewController.swift; sourceTree = "<group>"; };
		271130232CEB43F200F5510C /* SwipeViewController.swift */ = {isa = PBXFileReference; lastKnownFileType = sourcecode.swift; path = SwipeViewController.swift; sourceTree = "<group>"; };
		271130252CEB478D00F5510C /* BookViewController.swift */ = {isa = PBXFileReference; lastKnownFileType = sourcecode.swift; path = BookViewController.swift; sourceTree = "<group>"; };
		271130272CEC58E200F5510C /* CartViewController.swift */ = {isa = PBXFileReference; lastKnownFileType = sourcecode.swift; path = CartViewController.swift; sourceTree = "<group>"; };
		2711302B2CEC5A6800F5510C /* PaymentViewController.swift */ = {isa = PBXFileReference; lastKnownFileType = sourcecode.swift; path = PaymentViewController.swift; sourceTree = "<group>"; };
		2711302D2CEC5A8100F5510C /* PaymentSuccessViewController.swift */ = {isa = PBXFileReference; lastKnownFileType = sourcecode.swift; path = PaymentSuccessViewController.swift; sourceTree = "<group>"; };
		2711302F2CEC5AD100F5510C /* FeedbackViewController.swift */ = {isa = PBXFileReference; lastKnownFileType = sourcecode.swift; path = FeedbackViewController.swift; sourceTree = "<group>"; };
		271130312CEC608100F5510C /* BookListViewController.swift */ = {isa = PBXFileReference; lastKnownFileType = sourcecode.swift; path = BookListViewController.swift; sourceTree = "<group>"; };
		271130332CEC871300F5510C /* Renter.swift */ = {isa = PBXFileReference; lastKnownFileType = sourcecode.swift; path = Renter.swift; sourceTree = "<group>"; };
		271130352CEC875900F5510C /* CuratedListsData.swift */ = {isa = PBXFileReference; lastKnownFileType = sourcecode.swift; path = CuratedListsData.swift; sourceTree = "<group>"; };
		271130372CEC87C300F5510C /* RenterData.swift */ = {isa = PBXFileReference; lastKnownFileType = sourcecode.swift; path = RenterData.swift; sourceTree = "<group>"; };
		277CABF72D43F4AB00B744CA /* GoogleService-Info.plist */ = {isa = PBXFileReference; fileEncoding = 4; lastKnownFileType = text.plist.xml; path = "GoogleService-Info.plist"; sourceTree = "<group>"; };
		27817B7D2CCF8DC2003D3905 /* Eclipse.app */ = {isa = PBXFileReference; explicitFileType = wrapper.application; includeInIndex = 0; path = Eclipse.app; sourceTree = BUILT_PRODUCTS_DIR; };
		27817B802CCF8DC2003D3905 /* AppDelegate.swift */ = {isa = PBXFileReference; lastKnownFileType = sourcecode.swift; path = AppDelegate.swift; sourceTree = "<group>"; };
		27817B822CCF8DC2003D3905 /* SceneDelegate.swift */ = {isa = PBXFileReference; lastKnownFileType = sourcecode.swift; path = SceneDelegate.swift; sourceTree = "<group>"; };
		27817B842CCF8DC2003D3905 /* ViewController.swift */ = {isa = PBXFileReference; lastKnownFileType = sourcecode.swift; path = ViewController.swift; sourceTree = "<group>"; };
		27817B872CCF8DC2003D3905 /* Base */ = {isa = PBXFileReference; lastKnownFileType = file.storyboard; name = Base; path = Base.lproj/Main.storyboard; sourceTree = "<group>"; };
		27817B8C2CCF8DC3003D3905 /* Base */ = {isa = PBXFileReference; lastKnownFileType = file.storyboard; name = Base; path = Base.lproj/LaunchScreen.storyboard; sourceTree = "<group>"; };
		27817B8E2CCF8DC3003D3905 /* Info.plist */ = {isa = PBXFileReference; lastKnownFileType = text.plist.xml; path = Info.plist; sourceTree = "<group>"; };
		27817B952CCF8FA3003D3905 /* User.swift */ = {isa = PBXFileReference; lastKnownFileType = sourcecode.swift; path = User.swift; sourceTree = "<group>"; };
		27817B972CCF8FC3003D3905 /* Book.swift */ = {isa = PBXFileReference; lastKnownFileType = sourcecode.swift; path = Book.swift; sourceTree = "<group>"; };
		27817B992CCF8FDC003D3905 /* Library.swift */ = {isa = PBXFileReference; lastKnownFileType = sourcecode.swift; path = Library.swift; sourceTree = "<group>"; };
		27817B9D2CCF901F003D3905 /* Author.swift */ = {isa = PBXFileReference; lastKnownFileType = sourcecode.swift; path = Author.swift; sourceTree = "<group>"; };
		27817B9F2CCF9058003D3905 /* RentRequest.swift */ = {isa = PBXFileReference; lastKnownFileType = sourcecode.swift; path = RentRequest.swift; sourceTree = "<group>"; };
		27817BA12CCF907E003D3905 /* BookSupport.swift */ = {isa = PBXFileReference; lastKnownFileType = sourcecode.swift; path = BookSupport.swift; sourceTree = "<group>"; };
		27817BAF2CD12E05003D3905 /* BookData.swift */ = {isa = PBXFileReference; lastKnownFileType = sourcecode.swift; path = BookData.swift; sourceTree = "<group>"; };
		27817BB72CD15463003D3905 /* LibraryViewController.swift */ = {isa = PBXFileReference; lastKnownFileType = sourcecode.swift; path = LibraryViewController.swift; sourceTree = "<group>"; };
		27817BB92CD16E04003D3905 /* ReadingListViewController.swift */ = {isa = PBXFileReference; lastKnownFileType = sourcecode.swift; path = ReadingListViewController.swift; sourceTree = "<group>"; };
		27817BBB2CD16E12003D3905 /* AllBooksViewController.swift */ = {isa = PBXFileReference; lastKnownFileType = sourcecode.swift; path = AllBooksViewController.swift; sourceTree = "<group>"; };
		27817BC02CD17474003D3905 /* CategoryCollectionViewCell.swift */ = {isa = PBXFileReference; lastKnownFileType = sourcecode.swift; path = CategoryCollectionViewCell.swift; sourceTree = "<group>"; };
		27817BC72CD17C07003D3905 /* Category.swift */ = {isa = PBXFileReference; lastKnownFileType = sourcecode.swift; path = Category.swift; sourceTree = "<group>"; };
		27817BCA2CD181DF003D3905 /* Assets.xcassets */ = {isa = PBXFileReference; lastKnownFileType = folder.assetcatalog; path = Assets.xcassets; sourceTree = "<group>"; };
		27817BCC2CD28569003D3905 /* BookCollectionViewCell.swift */ = {isa = PBXFileReference; lastKnownFileType = sourcecode.swift; path = BookCollectionViewCell.swift; sourceTree = "<group>"; };
		27817BCE2CD54C2B003D3905 /* CustomHeaderView.swift */ = {isa = PBXFileReference; lastKnownFileType = sourcecode.swift; path = CustomHeaderView.swift; sourceTree = "<group>"; };
		27817BD02CD54D0D003D3905 /* ReadingListTableViewCell.swift */ = {isa = PBXFileReference; lastKnownFileType = sourcecode.swift; path = ReadingListTableViewCell.swift; sourceTree = "<group>"; };
		27817BD82CD60F71003D3905 /* ListData.swift */ = {isa = PBXFileReference; lastKnownFileType = sourcecode.swift; path = ListData.swift; sourceTree = "<group>"; };
		27817BDA2CD68A9C003D3905 /* StatusListViewController.swift */ = {isa = PBXFileReference; lastKnownFileType = sourcecode.swift; path = StatusListViewController.swift; sourceTree = "<group>"; };
		278366742CE88561003036A9 /* RecommendedListTableViewCell.swift */ = {isa = PBXFileReference; lastKnownFileType = sourcecode.swift; path = RecommendedListTableViewCell.swift; sourceTree = "<group>"; };
		278366762CE88627003036A9 /* RecommendedBookCollectionViewCell.swift */ = {isa = PBXFileReference; lastKnownFileType = sourcecode.swift; path = RecommendedBookCollectionViewCell.swift; sourceTree = "<group>"; };
		278366782CE88786003036A9 /* RecommendedList.swift */ = {isa = PBXFileReference; lastKnownFileType = sourcecode.swift; path = RecommendedList.swift; sourceTree = "<group>"; };
		2783667A2CE8CF9C003036A9 /* AuthorProfileViewController.swift */ = {isa = PBXFileReference; lastKnownFileType = sourcecode.swift; path = AuthorProfileViewController.swift; sourceTree = "<group>"; };
		2783667C2CE8F70F003036A9 /* AuthorReadingListViewController.swift */ = {isa = PBXFileReference; lastKnownFileType = sourcecode.swift; path = AuthorReadingListViewController.swift; sourceTree = "<group>"; };
		2783667E2CE8F71C003036A9 /* AuthorBooksViewController.swift */ = {isa = PBXFileReference; lastKnownFileType = sourcecode.swift; path = AuthorBooksViewController.swift; sourceTree = "<group>"; };
		278366802CE90639003036A9 /* AuthorBookTableViewCell.swift */ = {isa = PBXFileReference; lastKnownFileType = sourcecode.swift; path = AuthorBookTableViewCell.swift; sourceTree = "<group>"; };
		278366822CEAFCB7003036A9 /* GuidedListViewController.swift */ = {isa = PBXFileReference; lastKnownFileType = sourcecode.swift; path = GuidedListViewController.swift; sourceTree = "<group>"; };
		278366842CEAFE0B003036A9 /* GuidedListTableViewCell.swift */ = {isa = PBXFileReference; lastKnownFileType = sourcecode.swift; path = GuidedListTableViewCell.swift; sourceTree = "<group>"; };
		278366862CEAFED3003036A9 /* GuidedListCollectionViewCell.swift */ = {isa = PBXFileReference; lastKnownFileType = sourcecode.swift; path = GuidedListCollectionViewCell.swift; sourceTree = "<group>"; };
		278366882CEB003E003036A9 /* GuidedList.swift */ = {isa = PBXFileReference; lastKnownFileType = sourcecode.swift; path = GuidedList.swift; sourceTree = "<group>"; };
		2783668A2CEB00D3003036A9 /* GuidedListData.swift */ = {isa = PBXFileReference; lastKnownFileType = sourcecode.swift; path = GuidedListData.swift; sourceTree = "<group>"; };
		27BC97A22CECE155004EC100 /* BookIDHelper.swift */ = {isa = PBXFileReference; lastKnownFileType = sourcecode.swift; path = BookIDHelper.swift; sourceTree = "<group>"; };
		27BC97A42CECE347004EC100 /* RentersNearbyViewController.swift */ = {isa = PBXFileReference; lastKnownFileType = sourcecode.swift; path = RentersNearbyViewController.swift; sourceTree = "<group>"; };
		27BC97A62CECEFAC004EC100 /* RequestData.swift */ = {isa = PBXFileReference; lastKnownFileType = sourcecode.swift; path = RequestData.swift; sourceTree = "<group>"; };
		27BC97A82CED0F77004EC100 /* CustomerChatViewController.swift */ = {isa = PBXFileReference; lastKnownFileType = sourcecode.swift; path = CustomerChatViewController.swift; sourceTree = "<group>"; };
		27BC97AA2CED0FA2004EC100 /* CustomerMessageTableViewCell.swift */ = {isa = PBXFileReference; lastKnownFileType = sourcecode.swift; path = CustomerMessageTableViewCell.swift; sourceTree = "<group>"; };
		27BC97AF2D2B95ED004EC100 /* BookAPI.swift */ = {isa = PBXFileReference; lastKnownFileType = sourcecode.swift; path = BookAPI.swift; sourceTree = "<group>"; };
		27C21B202CE71FDA0035C957 /* ExploreViewController.swift */ = {isa = PBXFileReference; lastKnownFileType = sourcecode.swift; path = ExploreViewController.swift; sourceTree = "<group>"; };
		27C21B222CE740010035C957 /* QuizViewController.swift */ = {isa = PBXFileReference; lastKnownFileType = sourcecode.swift; path = QuizViewController.swift; sourceTree = "<group>"; };
		27C21B242CE74D770035C957 /* QuizOptionCollectionViewCell.swift */ = {isa = PBXFileReference; lastKnownFileType = sourcecode.swift; path = QuizOptionCollectionViewCell.swift; sourceTree = "<group>"; };
		27C21B262CE74DD80035C957 /* Quiz.swift */ = {isa = PBXFileReference; lastKnownFileType = sourcecode.swift; path = Quiz.swift; sourceTree = "<group>"; };
		27C21B282CE74E030035C957 /* QuizData.swift */ = {isa = PBXFileReference; lastKnownFileType = sourcecode.swift; path = QuizData.swift; sourceTree = "<group>"; };
		27C21B2B2CE792710035C957 /* CustomColor.swift */ = {isa = PBXFileReference; lastKnownFileType = sourcecode.swift; path = CustomColor.swift; sourceTree = "<group>"; };
		27C21B2D2CE797EB0035C957 /* ResultsViewController.swift */ = {isa = PBXFileReference; lastKnownFileType = sourcecode.swift; path = ResultsViewController.swift; sourceTree = "<group>"; };
		27C21B312CE7B6D80035C957 /* ResultsCollectionViewCell.swift */ = {isa = PBXFileReference; lastKnownFileType = sourcecode.swift; path = ResultsCollectionViewCell.swift; sourceTree = "<group>"; };
		27C21B332CE869490035C957 /* CategoryData.swift */ = {isa = PBXFileReference; lastKnownFileType = sourcecode.swift; path = CategoryData.swift; sourceTree = "<group>"; };
		27C21B352CE8741E0035C957 /* AuthorCollectionViewCell.swift */ = {isa = PBXFileReference; lastKnownFileType = sourcecode.swift; path = AuthorCollectionViewCell.swift; sourceTree = "<group>"; };
		27C21B372CE875230035C957 /* AuthorData.swift */ = {isa = PBXFileReference; lastKnownFileType = sourcecode.swift; path = AuthorData.swift; sourceTree = "<group>"; };
		27DAA02F2CD68EC9002EC79A /* StatusBookTableViewCell.swift */ = {isa = PBXFileReference; lastKnownFileType = sourcecode.swift; path = StatusBookTableViewCell.swift; sourceTree = "<group>"; };
		27DAA0312CDA07DF002EC79A /* CreateCollectionViewController.swift */ = {isa = PBXFileReference; lastKnownFileType = sourcecode.swift; path = CreateCollectionViewController.swift; sourceTree = "<group>"; };
		27DAA0332CDA1E56002EC79A /* CustomListViewController.swift */ = {isa = PBXFileReference; lastKnownFileType = sourcecode.swift; path = CustomListViewController.swift; sourceTree = "<group>"; };
		27DAA0352CDA1F4D002EC79A /* CustomBookTableViewCell.swift */ = {isa = PBXFileReference; lastKnownFileType = sourcecode.swift; path = CustomBookTableViewCell.swift; sourceTree = "<group>"; };
		27DAA0372CDA2880002EC79A /* AddToLibraryViewController.swift */ = {isa = PBXFileReference; lastKnownFileType = sourcecode.swift; path = AddToLibraryViewController.swift; sourceTree = "<group>"; };
		27DAA0392CDA2D48002EC79A /* AddToLibraryTableViewCell.swift */ = {isa = PBXFileReference; lastKnownFileType = sourcecode.swift; path = AddToLibraryTableViewCell.swift; sourceTree = "<group>"; };
		27F983092CE319050055C114 /* .gitignore */ = {isa = PBXFileReference; lastKnownFileType = text; path = .gitignore; sourceTree = "<group>"; };
		FFE122222D59BA7F008129D2 /* SearchViewController.swift */ = {isa = PBXFileReference; lastKnownFileType = sourcecode.swift; path = SearchViewController.swift; sourceTree = "<group>"; };
/* End PBXFileReference section */

/* Begin PBXFrameworksBuildPhase section */
		27817B7A2CCF8DC2003D3905 /* Frameworks */ = {
			isa = PBXFrameworksBuildPhase;
			buildActionMask = 2147483647;
			files = (
				277CABFB2D43F67000B744CA /* FirebaseAnalytics in Frameworks */,
				277CABFF2D43F67000B744CA /* FirebaseCore in Frameworks */,
				277CAC012D43F67000B744CA /* FirebaseDatabase in Frameworks */,
				277CAC032D43F67000B744CA /* FirebaseFirestore in Frameworks */,
				277CABFD2D43F67000B744CA /* FirebaseAuth in Frameworks */,
				277CAC052D43F67000B744CA /* FirebaseStorage in Frameworks */,
			);
			runOnlyForDeploymentPostprocessing = 0;
		};
/* End PBXFrameworksBuildPhase section */

/* Begin PBXGroup section */
		2711300E2CEB300D00F5510C /* Components */ = {
			isa = PBXGroup;
			children = (
				2711300F2CEB302800F5510C /* RatingPopupView.swift */,
				271130112CEB305600F5510C /* MessageInputView.swift */,
			);
			path = Components;
			sourceTree = "<group>";
		};
		27817B742CCF8DC2003D3905 = {
			isa = PBXGroup;
			children = (
				27817B7F2CCF8DC2003D3905 /* Eclipse */,
				27817B7E2CCF8DC2003D3905 /* Products */,
			);
			sourceTree = "<group>";
		};
		27817B7E2CCF8DC2003D3905 /* Products */ = {
			isa = PBXGroup;
			children = (
				27817B7D2CCF8DC2003D3905 /* Eclipse.app */,
			);
			name = Products;
			sourceTree = "<group>";
		};
		27817B7F2CCF8DC2003D3905 /* Eclipse */ = {
			isa = PBXGroup;
			children = (
				277CABF72D43F4AB00B744CA /* GoogleService-Info.plist */,
				2711300E2CEB300D00F5510C /* Components */,
				27C21B2A2CE792620035C957 /* Helpers */,
				27817BBD2CD17410003D3905 /* ViewCells */,
				27817BAE2CD12DEB003D3905 /* MockData */,
				27817BA32CCF93B9003D3905 /* Views */,
				27817B942CCF8F96003D3905 /* Models */,
				27817B802CCF8DC2003D3905 /* AppDelegate.swift */,
				27817B822CCF8DC2003D3905 /* SceneDelegate.swift */,
				27817B842CCF8DC2003D3905 /* ViewController.swift */,
				27817B862CCF8DC2003D3905 /* Main.storyboard */,
				27817B8B2CCF8DC3003D3905 /* LaunchScreen.storyboard */,
				27817B8E2CCF8DC3003D3905 /* Info.plist */,
				27817BCA2CD181DF003D3905 /* Assets.xcassets */,
				27F983092CE319050055C114 /* .gitignore */,
			);
			path = Eclipse;
			sourceTree = "<group>";
		};
		27817B942CCF8F96003D3905 /* Models */ = {
			isa = PBXGroup;
			children = (
				27817B952CCF8FA3003D3905 /* User.swift */,
				27817B972CCF8FC3003D3905 /* Book.swift */,
				27817B992CCF8FDC003D3905 /* Library.swift */,
				27817B9D2CCF901F003D3905 /* Author.swift */,
				27817B9F2CCF9058003D3905 /* RentRequest.swift */,
				27817BA12CCF907E003D3905 /* BookSupport.swift */,
				27817BC72CD17C07003D3905 /* Category.swift */,
				27C21B262CE74DD80035C957 /* Quiz.swift */,
				278366782CE88786003036A9 /* RecommendedList.swift */,
				278366882CEB003E003036A9 /* GuidedList.swift */,
				271130192CEB31DB00F5510C /* Message.swift */,
				271130332CEC871300F5510C /* Renter.swift */,
			);
			path = Models;
			sourceTree = "<group>";
		};
		27817BA32CCF93B9003D3905 /* Views */ = {
			isa = PBXGroup;
			children = (
				27817BB72CD15463003D3905 /* LibraryViewController.swift */,
				27817BB92CD16E04003D3905 /* ReadingListViewController.swift */,
				27817BBB2CD16E12003D3905 /* AllBooksViewController.swift */,
				27817BDA2CD68A9C003D3905 /* StatusListViewController.swift */,
				27DAA0312CDA07DF002EC79A /* CreateCollectionViewController.swift */,
				27DAA0332CDA1E56002EC79A /* CustomListViewController.swift */,
				27DAA0372CDA2880002EC79A /* AddToLibraryViewController.swift */,
				27C21B202CE71FDA0035C957 /* ExploreViewController.swift */,
				27C21B222CE740010035C957 /* QuizViewController.swift */,
				27C21B2D2CE797EB0035C957 /* ResultsViewController.swift */,
				2783667A2CE8CF9C003036A9 /* AuthorProfileViewController.swift */,
				2783667C2CE8F70F003036A9 /* AuthorReadingListViewController.swift */,
				2783667E2CE8F71C003036A9 /* AuthorBooksViewController.swift */,
				278366822CEAFCB7003036A9 /* GuidedListViewController.swift */,
				27112FEA2CEB192E00F5510C /* AuthorPreferencesViewController.swift */,
				27112FEC2CEB19FA00F5510C /* OnboardingViewController.swift */,
				27112FEE2CEB1A2300F5510C /* CreateAccountViewController.swift */,
				27112FF02CEB1A5000F5510C /* LoginViewController.swift */,
				27112FF22CEB1A8000F5510C /* GenrePrefrencesViewController.swift */,
				27112FF42CEB1AAC00F5510C /* SplashViewController.swift */,
				27112FF62CEB2B7200F5510C /* RentHomeViewController.swift */,
				27112FF82CEB2C1C00F5510C /* BookManagementViewController.swift */,
				27112FFA2CEB2C3F00F5510C /* LentBooksViewController.swift */,
				27112FFC2CEB2C5500F5510C /* BorrowedBooksViewController.swift */,
				271130022CEB2D6700F5510C /* ChatViewController.swift */,
				271130042CEB2DAD00F5510C /* RentalRequestsProcessingViewController.swift */,
				271130062CEB2DD300F5510C /* RentalRequestsAcceptedViewController.swift */,
				2711300C2CEB2FBA00F5510C /* RentersProfileViewController.swift */,
				2711301B2CEB408800F5510C /* ProfileViewController.swift */,
				FFE122222D59BA7F008129D2 /* SearchViewController.swift */,
				2711301D2CEB409E00F5510C /* EditProfileViewController.swift */,
				2711301F2CEB40B700F5510C /* BookSupportViewController.swift */,
				271130212CEB40D800F5510C /* RaiseProblemViewController.swift */,
				271130232CEB43F200F5510C /* SwipeViewController.swift */,
				271130252CEB478D00F5510C /* BookViewController.swift */,
				271130272CEC58E200F5510C /* CartViewController.swift */,
				2711302B2CEC5A6800F5510C /* PaymentViewController.swift */,
				2711302D2CEC5A8100F5510C /* PaymentSuccessViewController.swift */,
				2711302F2CEC5AD100F5510C /* FeedbackViewController.swift */,
				271130312CEC608100F5510C /* BookListViewController.swift */,
				27BC97A42CECE347004EC100 /* RentersNearbyViewController.swift */,
				27BC97A82CED0F77004EC100 /* CustomerChatViewController.swift */,
			);
			path = Views;
			sourceTree = "<group>";
		};
		27817BAE2CD12DEB003D3905 /* MockData */ = {
			isa = PBXGroup;
			children = (
				27817BAF2CD12E05003D3905 /* BookData.swift */,
				27817BD82CD60F71003D3905 /* ListData.swift */,
				27C21B282CE74E030035C957 /* QuizData.swift */,
				27C21B332CE869490035C957 /* CategoryData.swift */,
				27C21B372CE875230035C957 /* AuthorData.swift */,
				2783668A2CEB00D3003036A9 /* GuidedListData.swift */,
				271130352CEC875900F5510C /* CuratedListsData.swift */,
				271130372CEC87C300F5510C /* RenterData.swift */,
				27BC97A62CECEFAC004EC100 /* RequestData.swift */,
			);
			path = MockData;
			sourceTree = "<group>";
		};
		27817BBD2CD17410003D3905 /* ViewCells */ = {
			isa = PBXGroup;
			children = (
				27817BC02CD17474003D3905 /* CategoryCollectionViewCell.swift */,
				27817BCC2CD28569003D3905 /* BookCollectionViewCell.swift */,
				27817BCE2CD54C2B003D3905 /* CustomHeaderView.swift */,
				27817BD02CD54D0D003D3905 /* ReadingListTableViewCell.swift */,
				27DAA02F2CD68EC9002EC79A /* StatusBookTableViewCell.swift */,
				27DAA0352CDA1F4D002EC79A /* CustomBookTableViewCell.swift */,
				27DAA0392CDA2D48002EC79A /* AddToLibraryTableViewCell.swift */,
				27C21B242CE74D770035C957 /* QuizOptionCollectionViewCell.swift */,
				27C21B312CE7B6D80035C957 /* ResultsCollectionViewCell.swift */,
				27C21B352CE8741E0035C957 /* AuthorCollectionViewCell.swift */,
				278366742CE88561003036A9 /* RecommendedListTableViewCell.swift */,
				278366762CE88627003036A9 /* RecommendedBookCollectionViewCell.swift */,
				278366802CE90639003036A9 /* AuthorBookTableViewCell.swift */,
				278366842CEAFE0B003036A9 /* GuidedListTableViewCell.swift */,
				278366862CEAFED3003036A9 /* GuidedListCollectionViewCell.swift */,
				27112FFE2CEB2CC800F5510C /* BookCardTableViewCell.swift */,
				271130002CEB2D4600F5510C /* BookCellCollectionViewCell.swift */,
				271130082CEB2E1200F5510C /* RequestTableViewCell.swift */,
				2711300A2CEB2F3900F5510C /* RequestProcessingTableViewCell.swift */,
				271130132CEB30B500F5510C /* MessageTableViewCell.swift */,
				271130152CEB315500F5510C /* RentBooksTableViewCell.swift */,
				271130172CEB31A100F5510C /* RenterTableViewCell.swift */,
				27BC97AA2CED0FA2004EC100 /* CustomerMessageTableViewCell.swift */,
			);
			path = ViewCells;
			sourceTree = "<group>";
		};
		27C21B2A2CE792620035C957 /* Helpers */ = {
			isa = PBXGroup;
			children = (
				27C21B2B2CE792710035C957 /* CustomColor.swift */,
				27BC97A22CECE155004EC100 /* BookIDHelper.swift */,
				27BC97AF2D2B95ED004EC100 /* BookAPI.swift */,
			);
			path = Helpers;
			sourceTree = "<group>";
		};
/* End PBXGroup section */

/* Begin PBXNativeTarget section */
		27817B7C2CCF8DC2003D3905 /* Eclipse */ = {
			isa = PBXNativeTarget;
			buildConfigurationList = 27817B912CCF8DC3003D3905 /* Build configuration list for PBXNativeTarget "Eclipse" */;
			buildPhases = (
				27817B792CCF8DC2003D3905 /* Sources */,
				27817B7A2CCF8DC2003D3905 /* Frameworks */,
				27817B7B2CCF8DC2003D3905 /* Resources */,
			);
			buildRules = (
			);
			dependencies = (
			);
			name = Eclipse;
			packageProductDependencies = (
				277CABFA2D43F67000B744CA /* FirebaseAnalytics */,
				277CABFC2D43F67000B744CA /* FirebaseAuth */,
				277CABFE2D43F67000B744CA /* FirebaseCore */,
				277CAC002D43F67000B744CA /* FirebaseDatabase */,
				277CAC022D43F67000B744CA /* FirebaseFirestore */,
				277CAC042D43F67000B744CA /* FirebaseStorage */,
			);
			productName = Eclipse;
			productReference = 27817B7D2CCF8DC2003D3905 /* Eclipse.app */;
			productType = "com.apple.product-type.application";
		};
/* End PBXNativeTarget section */

/* Begin PBXProject section */
		27817B752CCF8DC2003D3905 /* Project object */ = {
			isa = PBXProject;
			attributes = {
				BuildIndependentTargetsInParallel = 1;
				LastSwiftUpdateCheck = 1540;
				LastUpgradeCheck = 1540;
				TargetAttributes = {
					27817B7C2CCF8DC2003D3905 = {
						CreatedOnToolsVersion = 15.4;
					};
				};
			};
			buildConfigurationList = 27817B782CCF8DC2003D3905 /* Build configuration list for PBXProject "Eclipse" */;
			compatibilityVersion = "Xcode 14.0";
			developmentRegion = en;
			hasScannedForEncodings = 0;
			knownRegions = (
				en,
				Base,
			);
			mainGroup = 27817B742CCF8DC2003D3905;
			packageReferences = (
				277CABF92D43F67000B744CA /* XCRemoteSwiftPackageReference "firebase-ios-sdk" */,
			);
			productRefGroup = 27817B7E2CCF8DC2003D3905 /* Products */;
			projectDirPath = "";
			projectRoot = "";
			targets = (
				27817B7C2CCF8DC2003D3905 /* Eclipse */,
			);
		};
/* End PBXProject section */

/* Begin PBXResourcesBuildPhase section */
		27817B7B2CCF8DC2003D3905 /* Resources */ = {
			isa = PBXResourcesBuildPhase;
			buildActionMask = 2147483647;
			files = (
				27F9830A2CE319050055C114 /* .gitignore in Resources */,
				27817B8D2CCF8DC3003D3905 /* Base in Resources */,
				277CABF82D43F4AB00B744CA /* GoogleService-Info.plist in Resources */,
				27817BCB2CD181DF003D3905 /* Assets.xcassets in Resources */,
				27817B882CCF8DC2003D3905 /* Base in Resources */,
			);
			runOnlyForDeploymentPostprocessing = 0;
		};
/* End PBXResourcesBuildPhase section */

/* Begin PBXSourcesBuildPhase section */
		27817B792CCF8DC2003D3905 /* Sources */ = {
			isa = PBXSourcesBuildPhase;
			buildActionMask = 2147483647;
			files = (
				27112FF72CEB2B7200F5510C /* RentHomeViewController.swift in Sources */,
				27DAA03A2CDA2D48002EC79A /* AddToLibraryTableViewCell.swift in Sources */,
				27C21B342CE869490035C957 /* CategoryData.swift in Sources */,
				271130382CEC87C300F5510C /* RenterData.swift in Sources */,
				27C21B292CE74E030035C957 /* QuizData.swift in Sources */,
				27C21B382CE875230035C957 /* AuthorData.swift in Sources */,
				27DAA0382CDA2880002EC79A /* AddToLibraryViewController.swift in Sources */,
				2711302E2CEC5A8100F5510C /* PaymentSuccessViewController.swift in Sources */,
				FFE122232D59BA7F008129D2 /* SearchViewController.swift in Sources */,
				2783667B2CE8CF9C003036A9 /* AuthorProfileViewController.swift in Sources */,
				2783667D2CE8F70F003036A9 /* AuthorReadingListViewController.swift in Sources */,
				27817B962CCF8FA3003D3905 /* User.swift in Sources */,
				27817BB82CD15463003D3905 /* LibraryViewController.swift in Sources */,
				27817BA02CCF9058003D3905 /* RentRequest.swift in Sources */,
				27C21B2C2CE792710035C957 /* CustomColor.swift in Sources */,
				271130282CEC58E200F5510C /* CartViewController.swift in Sources */,
				27112FFB2CEB2C3F00F5510C /* LentBooksViewController.swift in Sources */,
				278366752CE88561003036A9 /* RecommendedListTableViewCell.swift in Sources */,
				27C21B322CE7B6D80035C957 /* ResultsCollectionViewCell.swift in Sources */,
				27DAA0342CDA1E56002EC79A /* CustomListViewController.swift in Sources */,
				27112FFD2CEB2C5500F5510C /* BorrowedBooksViewController.swift in Sources */,
				27817BA22CCF907E003D3905 /* BookSupport.swift in Sources */,
				27BC97A32CECE155004EC100 /* BookIDHelper.swift in Sources */,
				2711302C2CEC5A6800F5510C /* PaymentViewController.swift in Sources */,
				278366772CE88627003036A9 /* RecommendedBookCollectionViewCell.swift in Sources */,
				271130052CEB2DAD00F5510C /* RentalRequestsProcessingViewController.swift in Sources */,
				27817BDB2CD68A9C003D3905 /* StatusListViewController.swift in Sources */,
				27817BB02CD12E05003D3905 /* BookData.swift in Sources */,
				2711301A2CEB31DB00F5510C /* Message.swift in Sources */,
				271130242CEB43F200F5510C /* SwipeViewController.swift in Sources */,
				2711301E2CEB409E00F5510C /* EditProfileViewController.swift in Sources */,
				2711300D2CEB2FBA00F5510C /* RentersProfileViewController.swift in Sources */,
				27C21B2E2CE797EB0035C957 /* ResultsViewController.swift in Sources */,
				27817BCD2CD28569003D3905 /* BookCollectionViewCell.swift in Sources */,
				271130302CEC5AD100F5510C /* FeedbackViewController.swift in Sources */,
				27817BCF2CD54C2B003D3905 /* CustomHeaderView.swift in Sources */,
				278366852CEAFE0B003036A9 /* GuidedListTableViewCell.swift in Sources */,
				278366832CEAFCB7003036A9 /* GuidedListViewController.swift in Sources */,
				2783667F2CE8F71C003036A9 /* AuthorBooksViewController.swift in Sources */,
				27DAA0362CDA1F4D002EC79A /* CustomBookTableViewCell.swift in Sources */,
				27112FF12CEB1A5000F5510C /* LoginViewController.swift in Sources */,
				278366892CEB003E003036A9 /* GuidedList.swift in Sources */,
				271130072CEB2DD300F5510C /* RentalRequestsAcceptedViewController.swift in Sources */,
				2711301C2CEB408800F5510C /* ProfileViewController.swift in Sources */,
				271130032CEB2D6700F5510C /* ChatViewController.swift in Sources */,
				27112FF32CEB1A8000F5510C /* GenrePrefrencesViewController.swift in Sources */,
				27817B852CCF8DC2003D3905 /* ViewController.swift in Sources */,
				27817BC82CD17C07003D3905 /* Category.swift in Sources */,
				271130092CEB2E1200F5510C /* RequestTableViewCell.swift in Sources */,
				27DAA0322CDA07DF002EC79A /* CreateCollectionViewController.swift in Sources */,
				27C21B232CE740010035C957 /* QuizViewController.swift in Sources */,
				27817BBC2CD16E12003D3905 /* AllBooksViewController.swift in Sources */,
				27BC97A72CECEFAC004EC100 /* RequestData.swift in Sources */,
				27BC97B02D2B95ED004EC100 /* BookAPI.swift in Sources */,
				271130122CEB305600F5510C /* MessageInputView.swift in Sources */,
				27817B9E2CCF901F003D3905 /* Author.swift in Sources */,
				278366812CE90639003036A9 /* AuthorBookTableViewCell.swift in Sources */,
				27C21B362CE8741E0035C957 /* AuthorCollectionViewCell.swift in Sources */,
				27817BBA2CD16E04003D3905 /* ReadingListViewController.swift in Sources */,
				2711300B2CEB2F3900F5510C /* RequestProcessingTableViewCell.swift in Sources */,
				271130182CEB31A100F5510C /* RenterTableViewCell.swift in Sources */,
				27817B812CCF8DC2003D3905 /* AppDelegate.swift in Sources */,
				278366872CEAFED3003036A9 /* GuidedListCollectionViewCell.swift in Sources */,
				27112FED2CEB19FA00F5510C /* OnboardingViewController.swift in Sources */,
				271130342CEC871300F5510C /* Renter.swift in Sources */,
				27BC97AB2CED0FA2004EC100 /* CustomerMessageTableViewCell.swift in Sources */,
				27817B982CCF8FC3003D3905 /* Book.swift in Sources */,
				27112FEB2CEB192E00F5510C /* AuthorPreferencesViewController.swift in Sources */,
				27817BD12CD54D0D003D3905 /* ReadingListTableViewCell.swift in Sources */,
				271130102CEB302800F5510C /* RatingPopupView.swift in Sources */,
				27817B832CCF8DC2003D3905 /* SceneDelegate.swift in Sources */,
				27DAA0302CD68EC9002EC79A /* StatusBookTableViewCell.swift in Sources */,
				2783668B2CEB00D3003036A9 /* GuidedListData.swift in Sources */,
				27112FEF2CEB1A2300F5510C /* CreateAccountViewController.swift in Sources */,
				27112FFF2CEB2CC800F5510C /* BookCardTableViewCell.swift in Sources */,
				271130322CEC608100F5510C /* BookListViewController.swift in Sources */,
				271130222CEB40D800F5510C /* RaiseProblemViewController.swift in Sources */,
				27C21B212CE71FDA0035C957 /* ExploreViewController.swift in Sources */,
				271130012CEB2D4600F5510C /* BookCellCollectionViewCell.swift in Sources */,
				27817BC12CD17474003D3905 /* CategoryCollectionViewCell.swift in Sources */,
				27C21B272CE74DD80035C957 /* Quiz.swift in Sources */,
				271130262CEB478D00F5510C /* BookViewController.swift in Sources */,
				271130142CEB30B500F5510C /* MessageTableViewCell.swift in Sources */,
				27112FF92CEB2C1C00F5510C /* BookManagementViewController.swift in Sources */,
				271130202CEB40B700F5510C /* BookSupportViewController.swift in Sources */,
				271130162CEB315500F5510C /* RentBooksTableViewCell.swift in Sources */,
				27BC97A92CED0F77004EC100 /* CustomerChatViewController.swift in Sources */,
				27817B9A2CCF8FDC003D3905 /* Library.swift in Sources */,
				27817BD92CD60F71003D3905 /* ListData.swift in Sources */,
				27C21B252CE74D770035C957 /* QuizOptionCollectionViewCell.swift in Sources */,
				278366792CE88786003036A9 /* RecommendedList.swift in Sources */,
				271130362CEC875900F5510C /* CuratedListsData.swift in Sources */,
				27BC97A52CECE347004EC100 /* RentersNearbyViewController.swift in Sources */,
				27112FF52CEB1AAC00F5510C /* SplashViewController.swift in Sources */,
			);
			runOnlyForDeploymentPostprocessing = 0;
		};
/* End PBXSourcesBuildPhase section */

/* Begin PBXVariantGroup section */
		27817B862CCF8DC2003D3905 /* Main.storyboard */ = {
			isa = PBXVariantGroup;
			children = (
				27817B872CCF8DC2003D3905 /* Base */,
			);
			name = Main.storyboard;
			sourceTree = "<group>";
		};
		27817B8B2CCF8DC3003D3905 /* LaunchScreen.storyboard */ = {
			isa = PBXVariantGroup;
			children = (
				27817B8C2CCF8DC3003D3905 /* Base */,
			);
			name = LaunchScreen.storyboard;
			sourceTree = "<group>";
		};
/* End PBXVariantGroup section */

/* Begin XCBuildConfiguration section */
		27817B8F2CCF8DC3003D3905 /* Debug */ = {
			isa = XCBuildConfiguration;
			buildSettings = {
				ALWAYS_SEARCH_USER_PATHS = NO;
				ASSETCATALOG_COMPILER_GENERATE_SWIFT_ASSET_SYMBOL_EXTENSIONS = YES;
				CLANG_ANALYZER_NONNULL = YES;
				CLANG_ANALYZER_NUMBER_OBJECT_CONVERSION = YES_AGGRESSIVE;
				CLANG_CXX_LANGUAGE_STANDARD = "gnu++20";
				CLANG_ENABLE_MODULES = YES;
				CLANG_ENABLE_OBJC_ARC = YES;
				CLANG_ENABLE_OBJC_WEAK = YES;
				CLANG_WARN_BLOCK_CAPTURE_AUTORELEASING = YES;
				CLANG_WARN_BOOL_CONVERSION = YES;
				CLANG_WARN_COMMA = YES;
				CLANG_WARN_CONSTANT_CONVERSION = YES;
				CLANG_WARN_DEPRECATED_OBJC_IMPLEMENTATIONS = YES;
				CLANG_WARN_DIRECT_OBJC_ISA_USAGE = YES_ERROR;
				CLANG_WARN_DOCUMENTATION_COMMENTS = YES;
				CLANG_WARN_EMPTY_BODY = YES;
				CLANG_WARN_ENUM_CONVERSION = YES;
				CLANG_WARN_INFINITE_RECURSION = YES;
				CLANG_WARN_INT_CONVERSION = YES;
				CLANG_WARN_NON_LITERAL_NULL_CONVERSION = YES;
				CLANG_WARN_OBJC_IMPLICIT_RETAIN_SELF = YES;
				CLANG_WARN_OBJC_LITERAL_CONVERSION = YES;
				CLANG_WARN_OBJC_ROOT_CLASS = YES_ERROR;
				CLANG_WARN_QUOTED_INCLUDE_IN_FRAMEWORK_HEADER = YES;
				CLANG_WARN_RANGE_LOOP_ANALYSIS = YES;
				CLANG_WARN_STRICT_PROTOTYPES = YES;
				CLANG_WARN_SUSPICIOUS_MOVE = YES;
				CLANG_WARN_UNGUARDED_AVAILABILITY = YES_AGGRESSIVE;
				CLANG_WARN_UNREACHABLE_CODE = YES;
				CLANG_WARN__DUPLICATE_METHOD_MATCH = YES;
				COPY_PHASE_STRIP = NO;
				DEBUG_INFORMATION_FORMAT = dwarf;
				ENABLE_STRICT_OBJC_MSGSEND = YES;
				ENABLE_TESTABILITY = YES;
				ENABLE_USER_SCRIPT_SANDBOXING = YES;
				GCC_C_LANGUAGE_STANDARD = gnu17;
				GCC_DYNAMIC_NO_PIC = NO;
				GCC_NO_COMMON_BLOCKS = YES;
				GCC_OPTIMIZATION_LEVEL = 0;
				GCC_PREPROCESSOR_DEFINITIONS = (
					"DEBUG=1",
					"$(inherited)",
				);
				GCC_WARN_64_TO_32_BIT_CONVERSION = YES;
				GCC_WARN_ABOUT_RETURN_TYPE = YES_ERROR;
				GCC_WARN_UNDECLARED_SELECTOR = YES;
				GCC_WARN_UNINITIALIZED_AUTOS = YES_AGGRESSIVE;
				GCC_WARN_UNUSED_FUNCTION = YES;
				GCC_WARN_UNUSED_VARIABLE = YES;
				IPHONEOS_DEPLOYMENT_TARGET = 17.5;
				LOCALIZATION_PREFERS_STRING_CATALOGS = YES;
				MTL_ENABLE_DEBUG_INFO = INCLUDE_SOURCE;
				MTL_FAST_MATH = YES;
				ONLY_ACTIVE_ARCH = YES;
				SDKROOT = iphoneos;
				SWIFT_ACTIVE_COMPILATION_CONDITIONS = "DEBUG $(inherited)";
				SWIFT_OPTIMIZATION_LEVEL = "-Onone";
			};
			name = Debug;
		};
		27817B902CCF8DC3003D3905 /* Release */ = {
			isa = XCBuildConfiguration;
			buildSettings = {
				ALWAYS_SEARCH_USER_PATHS = NO;
				ASSETCATALOG_COMPILER_GENERATE_SWIFT_ASSET_SYMBOL_EXTENSIONS = YES;
				CLANG_ANALYZER_NONNULL = YES;
				CLANG_ANALYZER_NUMBER_OBJECT_CONVERSION = YES_AGGRESSIVE;
				CLANG_CXX_LANGUAGE_STANDARD = "gnu++20";
				CLANG_ENABLE_MODULES = YES;
				CLANG_ENABLE_OBJC_ARC = YES;
				CLANG_ENABLE_OBJC_WEAK = YES;
				CLANG_WARN_BLOCK_CAPTURE_AUTORELEASING = YES;
				CLANG_WARN_BOOL_CONVERSION = YES;
				CLANG_WARN_COMMA = YES;
				CLANG_WARN_CONSTANT_CONVERSION = YES;
				CLANG_WARN_DEPRECATED_OBJC_IMPLEMENTATIONS = YES;
				CLANG_WARN_DIRECT_OBJC_ISA_USAGE = YES_ERROR;
				CLANG_WARN_DOCUMENTATION_COMMENTS = YES;
				CLANG_WARN_EMPTY_BODY = YES;
				CLANG_WARN_ENUM_CONVERSION = YES;
				CLANG_WARN_INFINITE_RECURSION = YES;
				CLANG_WARN_INT_CONVERSION = YES;
				CLANG_WARN_NON_LITERAL_NULL_CONVERSION = YES;
				CLANG_WARN_OBJC_IMPLICIT_RETAIN_SELF = YES;
				CLANG_WARN_OBJC_LITERAL_CONVERSION = YES;
				CLANG_WARN_OBJC_ROOT_CLASS = YES_ERROR;
				CLANG_WARN_QUOTED_INCLUDE_IN_FRAMEWORK_HEADER = YES;
				CLANG_WARN_RANGE_LOOP_ANALYSIS = YES;
				CLANG_WARN_STRICT_PROTOTYPES = YES;
				CLANG_WARN_SUSPICIOUS_MOVE = YES;
				CLANG_WARN_UNGUARDED_AVAILABILITY = YES_AGGRESSIVE;
				CLANG_WARN_UNREACHABLE_CODE = YES;
				CLANG_WARN__DUPLICATE_METHOD_MATCH = YES;
				COPY_PHASE_STRIP = NO;
				DEBUG_INFORMATION_FORMAT = "dwarf-with-dsym";
				ENABLE_NS_ASSERTIONS = NO;
				ENABLE_STRICT_OBJC_MSGSEND = YES;
				ENABLE_USER_SCRIPT_SANDBOXING = YES;
				GCC_C_LANGUAGE_STANDARD = gnu17;
				GCC_NO_COMMON_BLOCKS = YES;
				GCC_WARN_64_TO_32_BIT_CONVERSION = YES;
				GCC_WARN_ABOUT_RETURN_TYPE = YES_ERROR;
				GCC_WARN_UNDECLARED_SELECTOR = YES;
				GCC_WARN_UNINITIALIZED_AUTOS = YES_AGGRESSIVE;
				GCC_WARN_UNUSED_FUNCTION = YES;
				GCC_WARN_UNUSED_VARIABLE = YES;
				IPHONEOS_DEPLOYMENT_TARGET = 17.5;
				LOCALIZATION_PREFERS_STRING_CATALOGS = YES;
				MTL_ENABLE_DEBUG_INFO = NO;
				MTL_FAST_MATH = YES;
				SDKROOT = iphoneos;
				SWIFT_COMPILATION_MODE = wholemodule;
				VALIDATE_PRODUCT = YES;
			};
			name = Release;
		};
		27817B922CCF8DC3003D3905 /* Debug */ = {
			isa = XCBuildConfiguration;
			buildSettings = {
				ASSETCATALOG_COMPILER_APPICON_NAME = AppIcon;
				ASSETCATALOG_COMPILER_GLOBAL_ACCENT_COLOR_NAME = AccentColor;
				CODE_SIGN_STYLE = Automatic;
				CURRENT_PROJECT_VERSION = 1;
				GENERATE_INFOPLIST_FILE = YES;
				INFOPLIST_FILE = Eclipse/Info.plist;
				INFOPLIST_KEY_UIApplicationSupportsIndirectInputEvents = YES;
				INFOPLIST_KEY_UILaunchStoryboardName = LaunchScreen;
				INFOPLIST_KEY_UIMainStoryboardFile = Main;
				INFOPLIST_KEY_UISupportedInterfaceOrientations_iPad = "UIInterfaceOrientationPortrait UIInterfaceOrientationPortraitUpsideDown UIInterfaceOrientationLandscapeLeft UIInterfaceOrientationLandscapeRight";
				INFOPLIST_KEY_UISupportedInterfaceOrientations_iPhone = "UIInterfaceOrientationPortrait UIInterfaceOrientationLandscapeLeft UIInterfaceOrientationLandscapeRight";
				LD_RUNPATH_SEARCH_PATHS = (
					"$(inherited)",
					"@executable_path/Frameworks",
				);
				MARKETING_VERSION = 1.0;
				PRODUCT_BUNDLE_IDENTIFIER = com.example.Eclipse;
				PRODUCT_NAME = "$(TARGET_NAME)";
				SWIFT_EMIT_LOC_STRINGS = YES;
				SWIFT_VERSION = 5.0;
				TARGETED_DEVICE_FAMILY = "1,2";
			};
			name = Debug;
		};
		27817B932CCF8DC3003D3905 /* Release */ = {
			isa = XCBuildConfiguration;
			buildSettings = {
				ASSETCATALOG_COMPILER_APPICON_NAME = AppIcon;
				ASSETCATALOG_COMPILER_GLOBAL_ACCENT_COLOR_NAME = AccentColor;
				CODE_SIGN_STYLE = Automatic;
				CURRENT_PROJECT_VERSION = 1;
				GENERATE_INFOPLIST_FILE = YES;
				INFOPLIST_FILE = Eclipse/Info.plist;
				INFOPLIST_KEY_UIApplicationSupportsIndirectInputEvents = YES;
				INFOPLIST_KEY_UILaunchStoryboardName = LaunchScreen;
				INFOPLIST_KEY_UIMainStoryboardFile = Main;
				INFOPLIST_KEY_UISupportedInterfaceOrientations_iPad = "UIInterfaceOrientationPortrait UIInterfaceOrientationPortraitUpsideDown UIInterfaceOrientationLandscapeLeft UIInterfaceOrientationLandscapeRight";
				INFOPLIST_KEY_UISupportedInterfaceOrientations_iPhone = "UIInterfaceOrientationPortrait UIInterfaceOrientationLandscapeLeft UIInterfaceOrientationLandscapeRight";
				LD_RUNPATH_SEARCH_PATHS = (
					"$(inherited)",
					"@executable_path/Frameworks",
				);
				MARKETING_VERSION = 1.0;
				PRODUCT_BUNDLE_IDENTIFIER = com.example.Eclipse;
				PRODUCT_NAME = "$(TARGET_NAME)";
				SWIFT_EMIT_LOC_STRINGS = YES;
				SWIFT_VERSION = 5.0;
				TARGETED_DEVICE_FAMILY = "1,2";
			};
			name = Release;
		};
/* End XCBuildConfiguration section */

/* Begin XCConfigurationList section */
		27817B782CCF8DC2003D3905 /* Build configuration list for PBXProject "Eclipse" */ = {
			isa = XCConfigurationList;
			buildConfigurations = (
				27817B8F2CCF8DC3003D3905 /* Debug */,
				27817B902CCF8DC3003D3905 /* Release */,
			);
			defaultConfigurationIsVisible = 0;
			defaultConfigurationName = Release;
		};
		27817B912CCF8DC3003D3905 /* Build configuration list for PBXNativeTarget "Eclipse" */ = {
			isa = XCConfigurationList;
			buildConfigurations = (
				27817B922CCF8DC3003D3905 /* Debug */,
				27817B932CCF8DC3003D3905 /* Release */,
			);
			defaultConfigurationIsVisible = 0;
			defaultConfigurationName = Release;
		};
/* End XCConfigurationList section */

/* Begin XCRemoteSwiftPackageReference section */
		277CABF92D43F67000B744CA /* XCRemoteSwiftPackageReference "firebase-ios-sdk" */ = {
			isa = XCRemoteSwiftPackageReference;
			repositoryURL = "https://github.com/firebase/firebase-ios-sdk";
			requirement = {
				kind = upToNextMajorVersion;
				minimumVersion = 11.7.0;
			};
		};
/* End XCRemoteSwiftPackageReference section */

/* Begin XCSwiftPackageProductDependency section */
		277CABFA2D43F67000B744CA /* FirebaseAnalytics */ = {
			isa = XCSwiftPackageProductDependency;
			package = 277CABF92D43F67000B744CA /* XCRemoteSwiftPackageReference "firebase-ios-sdk" */;
			productName = FirebaseAnalytics;
		};
		277CABFC2D43F67000B744CA /* FirebaseAuth */ = {
			isa = XCSwiftPackageProductDependency;
			package = 277CABF92D43F67000B744CA /* XCRemoteSwiftPackageReference "firebase-ios-sdk" */;
			productName = FirebaseAuth;
		};
		277CABFE2D43F67000B744CA /* FirebaseCore */ = {
			isa = XCSwiftPackageProductDependency;
			package = 277CABF92D43F67000B744CA /* XCRemoteSwiftPackageReference "firebase-ios-sdk" */;
			productName = FirebaseCore;
		};
		277CAC002D43F67000B744CA /* FirebaseDatabase */ = {
			isa = XCSwiftPackageProductDependency;
			package = 277CABF92D43F67000B744CA /* XCRemoteSwiftPackageReference "firebase-ios-sdk" */;
			productName = FirebaseDatabase;
		};
		277CAC022D43F67000B744CA /* FirebaseFirestore */ = {
			isa = XCSwiftPackageProductDependency;
			package = 277CABF92D43F67000B744CA /* XCRemoteSwiftPackageReference "firebase-ios-sdk" */;
			productName = FirebaseFirestore;
		};
		277CAC042D43F67000B744CA /* FirebaseStorage */ = {
			isa = XCSwiftPackageProductDependency;
			package = 277CABF92D43F67000B744CA /* XCRemoteSwiftPackageReference "firebase-ios-sdk" */;
			productName = FirebaseStorage;
		};
/* End XCSwiftPackageProductDependency section */
	};
	rootObject = 27817B752CCF8DC2003D3905 /* Project object */;
}
